
Microsoft Visual Studio Solution File, Format Version 12.00
# Visual Studio 15
VisualStudioVersion = 15.0.27703.2000
MinimumVisualStudioVersion = 10.0.40219.1
Project("{9A19103F-16F7-4668-BE54-9A1E7A4F7556}") = "Orcus.Server", "src\Orcus.Server\Orcus.Server.csproj", "{16E5D6DC-F93E-47F0-8F67-D2A1DA18E017}"
EndProject
Project("{2150E333-8FDC-42A3-9474-1A3956D46DE8}") = "Server", "Server", "{9C6E5247-3459-4ECF-9FE3-5E2044295099}"
EndProject
Project("{2150E333-8FDC-42A3-9474-1A3956D46DE8}") = "Administration", "Administration", "{E7996DC9-7C33-4F35-9748-4A825DB56784}"
EndProject
Project("{9A19103F-16F7-4668-BE54-9A1E7A4F7556}") = "Orcus.Administration.Core", "src\Orcus.Administration.Core\Orcus.Administration.Core.csproj", "{51DB7965-8C8C-4E44-BA1E-0A157D2DE6D9}"
EndProject
Project("{2150E333-8FDC-42A3-9474-1A3956D46DE8}") = "Solution Items", "Solution Items", "{B2AB85A8-1B64-4C1F-8E1A-DE7FC872E7E7}"
	ProjectSection(SolutionItems) = preProject
		Directory.Build.props = Directory.Build.props
		translation.txd = translation.txd
	EndProjectSection
EndProject
Project("{2150E333-8FDC-42A3-9474-1A3956D46DE8}") = "Api", "Api", "{C36BE6FF-2267-4A51-8B6F-763C9C8CC52F}"
EndProject
Project("{9A19103F-16F7-4668-BE54-9A1E7A4F7556}") = "Orcus.Modules.Api", "src\Orcus.Modules.Api\Orcus.Modules.Api.csproj", "{F7BA3EC1-1583-4A93-97F8-3394954B5953}"
EndProject
Project("{2150E333-8FDC-42A3-9474-1A3956D46DE8}") = "Modules", "Modules", "{505B289B-B216-44A4-8234-12E31B16C230}"
EndProject
Project("{2150E333-8FDC-42A3-9474-1A3956D46DE8}") = "Submodules", "Submodules", "{0FEBA25D-6572-4DAA-AE3C-77CB2A42E6D4}"
EndProject
Project("{9A19103F-16F7-4668-BE54-9A1E7A4F7556}") = "Anapher.Wpf.Swan", "src\submodules\Anapher.Swan.Wpf\Anapher.Wpf.Swan\Anapher.Wpf.Swan.csproj", "{DE56441C-B66E-40C5-86B3-DE881D7D09F7}"
EndProject
Project("{9A19103F-16F7-4668-BE54-9A1E7A4F7556}") = "Orcus.Server.Data", "src\Orcus.Server.Data\Orcus.Server.Data.csproj", "{B413093F-9C96-4D93-BB03-A1E2F25940EF}"
EndProject
Project("{9A19103F-16F7-4668-BE54-9A1E7A4F7556}") = "Orcus.Server.Connection", "src\Orcus.Server.Connection\Orcus.Server.Connection.csproj", "{B0F87C73-910B-41DD-8F00-3A33A85A707C}"
EndProject
Project("{9A19103F-16F7-4668-BE54-9A1E7A4F7556}") = "Orcus.Server.BusinessLogic", "src\Orcus.Server.BusinessLogic\Orcus.Server.BusinessLogic.csproj", "{9DE0B1DE-1AF7-47D0-B869-C2AB52468349}"
EndProject
Project("{9A19103F-16F7-4668-BE54-9A1E7A4F7556}") = "Orcus.Server.BusinessDataAccess", "src\Orcus.Server.BusinessDataAccess\Orcus.Server.BusinessDataAccess.csproj", "{EBCE073F-A41C-4FF1-967B-40E2D9344663}"
EndProject
Project("{9A19103F-16F7-4668-BE54-9A1E7A4F7556}") = "CodeElements.BizRunner", "src\submodules\CodeElements.BizRunner\CodeElements.BizRunner\CodeElements.BizRunner.csproj", "{B3A4C752-54E7-4125-951B-BA7660A09B02}"
EndProject
Project("{9A19103F-16F7-4668-BE54-9A1E7A4F7556}") = "Orcus.Server.Service", "src\Orcus.Server.Service\Orcus.Server.Service.csproj", "{1A3DF103-07AA-42DE-AED4-40FD4D44635B}"
EndProject
Project("{9A19103F-16F7-4668-BE54-9A1E7A4F7556}") = "Orcus.ModuleManagement", "src\Orcus.ModuleManagement\Orcus.ModuleManagement.csproj", "{42D5467F-20DB-4416-B673-0383304D098E}"
EndProject
Project("{2150E333-8FDC-42A3-9474-1A3956D46DE8}") = "NuGet.Core", "NuGet.Core", "{55CBE41B-081E-43A5-9AC4-6D895D4E415C}"
EndProject
Project("{9A19103F-16F7-4668-BE54-9A1E7A4F7556}") = "NuGet.Frameworks", "src\submodules\NuGet.Client\src\NuGet.Core\NuGet.Frameworks\NuGet.Frameworks.csproj", "{43A0869B-39E6-4CBD-A256-6ED56ED3010F}"
EndProject
Project("{9A19103F-16F7-4668-BE54-9A1E7A4F7556}") = "Orcus.Server.Library", "src\Orcus.Server.Library\Orcus.Server.Library.csproj", "{6DFFC199-BA67-4B49-9EF7-F2FFA66C3B2A}"
EndProject
Project("{2150E333-8FDC-42A3-9474-1A3956D46DE8}") = "Test", "Test", "{22C4E303-30DF-41D2-86BA-906CD6BDE4F1}"
EndProject
Project("{9A19103F-16F7-4668-BE54-9A1E7A4F7556}") = "Orcus.Server.Service.Tests", "test\Orcus.Server.Service.Tests\Orcus.Server.Service.Tests.csproj", "{BDAC99B3-E005-4A85-A699-D9E36E7408F3}"
EndProject
Project("{2150E333-8FDC-42A3-9474-1A3956D46DE8}") = "Test", "Test", "{0074EF5C-A141-4A92-A085-89775EA5E8EF}"
EndProject
Project("{9A19103F-16F7-4668-BE54-9A1E7A4F7556}") = "Orcus.Server.Connection.Tests", "test\Orcus.Server.Connection.Tests\Orcus.Server.Connection.Tests.csproj", "{7B87BB5B-3BF8-4500-A416-687AF492781F}"
EndProject
Project("{2150E333-8FDC-42A3-9474-1A3956D46DE8}") = "Client", "Client", "{67CFB457-D51C-4F50-9F54-41EA955EA795}"
EndProject
Project("{FAE04EC0-301F-11D3-BF4B-00C04F79EFBC}") = "Orcus", "src\Orcus\Orcus.csproj", "{860BFB06-4FCD-494F-B7C3-1D53683FA988}"
	ProjectSection(ProjectDependencies) = postProject
		{C0A4940E-4E20-4501-8B12-7848D9FEE167} = {C0A4940E-4E20-4501-8B12-7848D9FEE167}
		{D3CC712F-7533-43B8-AB3F-A79603EC1369} = {D3CC712F-7533-43B8-AB3F-A79603EC1369}
		{2AA3BF40-8C28-4C1E-BC96-513AD647B33D} = {2AA3BF40-8C28-4C1E-BC96-513AD647B33D}
		{C4E58463-68E2-4FC3-9A2A-2EB2AD2E74B6} = {C4E58463-68E2-4FC3-9A2A-2EB2AD2E74B6}
		{6A31876C-E155-4FE3-B223-E456CAD3125C} = {6A31876C-E155-4FE3-B223-E456CAD3125C}
		{94278474-65F4-4626-9DF3-1596A9F226EA} = {94278474-65F4-4626-9DF3-1596A9F226EA}
		{C7D0549E-D1B9-4FFA-AAFE-3B75B3419DEA} = {C7D0549E-D1B9-4FFA-AAFE-3B75B3419DEA}
		{30E6C59F-AB70-4D02-8AEE-F6A10181D5CC} = {30E6C59F-AB70-4D02-8AEE-F6A10181D5CC}
		{D20D50B0-DC99-4A88-95D4-494367737DE7} = {D20D50B0-DC99-4A88-95D4-494367737DE7}
		{035582D8-6D43-4B9A-B1B6-9FE2A9C20B72} = {035582D8-6D43-4B9A-B1B6-9FE2A9C20B72}
	EndProjectSection
EndProject
Project("{9A19103F-16F7-4668-BE54-9A1E7A4F7556}") = "Orcus.Server.BusinessLogic.Tests", "test\Orcus.Server.BusinessLogic.Tests\Orcus.Server.BusinessLogic.Tests.csproj", "{B815C545-E86A-47E9-81F5-11CE7B2E141D}"
EndProject
Project("{9A19103F-16F7-4668-BE54-9A1E7A4F7556}") = "Orcus.Service.Commander", "src\Orcus.Service.Commander\Orcus.Service.Commander.csproj", "{A671F822-E1D1-491F-A31D-5C24F5482F74}"
EndProject
Project("{9A19103F-16F7-4668-BE54-9A1E7A4F7556}") = "Orcus.Server.OrcusSockets", "src\Orcus.Server.OrcusSockets\Orcus.Server.OrcusSockets.csproj", "{92894371-2AA8-43FB-865A-39E1DCE5BF03}"
EndProject
Project("{9A19103F-16F7-4668-BE54-9A1E7A4F7556}") = "Orcus.Client.Library", "src\Orcus.Client.Library\Orcus.Client.Library.csproj", "{F6268227-51AA-4C46-83E0-AF2D77FF5868}"
EndProject
Project("{2150E333-8FDC-42A3-9474-1A3956D46DE8}") = "TestModule", "TestModule", "{565AECC1-EB61-4484-B199-ED1F7F787388}"
EndProject
Project("{9A19103F-16F7-4668-BE54-9A1E7A4F7556}") = "TestModule.Server", "src\modules\TestModule\TestModule.Server\TestModule.Server.csproj", "{0230F843-0B3F-4887-AF5D-A8EAC7A88D17}"
EndProject
Project("{9A19103F-16F7-4668-BE54-9A1E7A4F7556}") = "TestModule.Client", "src\modules\TestModule\TestModule.Client\TestModule.Client.csproj", "{F90696CB-DB87-4931-AAC1-AF452727E5E5}"
EndProject
Project("{9A19103F-16F7-4668-BE54-9A1E7A4F7556}") = "TestModule.Administration", "src\modules\TestModule\TestModule.Administration\TestModule.Administration.csproj", "{19CEE9CF-58B2-4AF3-88F9-58EEF81D6571}"
EndProject
Project("{9A19103F-16F7-4668-BE54-9A1E7A4F7556}") = "ModulePacker", "src\ModulePacker\ModulePacker.csproj", "{7E96E342-C1DC-4DF2-B775-2CDD532402FA}"
EndProject
Project("{9A19103F-16F7-4668-BE54-9A1E7A4F7556}") = "Orcus.Sockets", "src\Orcus.Sockets\Orcus.Sockets.csproj", "{9C1C6607-7F2E-4F28-8629-2552D3BBFB38}"
EndProject
Project("{FAE04EC0-301F-11D3-BF4B-00C04F79EFBC}") = "Orcus.Administration", "src\Orcus.Administration\Orcus.Administration.csproj", "{3287B9E9-D2D1-4D76-82ED-D8D9B80E75A2}"
	ProjectSection(ProjectDependencies) = postProject
		{C0356729-0B69-4B8F-BFDE-9B94BE154D82} = {C0356729-0B69-4B8F-BFDE-9B94BE154D82}
		{78079640-832D-4593-B86A-6D2D537C5824} = {78079640-832D-4593-B86A-6D2D537C5824}
		{5CD9E049-3AA4-43B0-B238-54C00747AF56} = {5CD9E049-3AA4-43B0-B238-54C00747AF56}
		{9E410159-C74A-4376-A23B-18ADC635B946} = {9E410159-C74A-4376-A23B-18ADC635B946}
		{DA379281-4664-4A46-A334-E31EBFC12638} = {DA379281-4664-4A46-A334-E31EBFC12638}
		{D82432A3-9A51-4FD4-8185-677F2B05986B} = {D82432A3-9A51-4FD4-8185-677F2B05986B}
		{551507AC-E340-4264-9EA4-102A1D32BC58} = {551507AC-E340-4264-9EA4-102A1D32BC58}
		{8F8A07C3-7C4E-49D2-9997-0836F51F44AC} = {8F8A07C3-7C4E-49D2-9997-0836F51F44AC}
		{EC7D87C5-1841-4F2A-BC46-0FE869839907} = {EC7D87C5-1841-4F2A-BC46-0FE869839907}
		{B2A77EFD-2ABC-4F4D-9F59-8032F240D07E} = {B2A77EFD-2ABC-4F4D-9F59-8032F240D07E}
	EndProjectSection
EndProject
Project("{9A19103F-16F7-4668-BE54-9A1E7A4F7556}") = "Orcus.Administration.ViewModels", "src\Orcus.Administration.ViewModels\Orcus.Administration.ViewModels.csproj", "{34B39498-66BC-45A3-8502-44F15D28D670}"
EndProject
Project("{9A19103F-16F7-4668-BE54-9A1E7A4F7556}") = "Orcus.Administration.Library", "src\Orcus.Administration.Library\Orcus.Administration.Library.csproj", "{8B7888A3-A402-4D7C-82BB-E1A2494C023D}"
EndProject
Project("{9A19103F-16F7-4668-BE54-9A1E7A4F7556}") = "Orcus.Modules.Api.Tests", "test\Orcus.Modules.Api.Tests\Orcus.Modules.Api.Tests.csproj", "{F70F3C62-7504-4526-BC16-3344BA753C09}"
EndProject
Project("{2150E333-8FDC-42A3-9474-1A3956D46DE8}") = "UserInteraction", "UserInteraction", "{B4AB533F-EC5B-43BA-9686-5D784CC80742}"
EndProject
Project("{9A19103F-16F7-4668-BE54-9A1E7A4F7556}") = "UserInteraction.Administration", "src\modules\UserInteraction\UserInteraction.Administration\UserInteraction.Administration.csproj", "{78079640-832D-4593-B86A-6D2D537C5824}"
EndProject
Project("{9A19103F-16F7-4668-BE54-9A1E7A4F7556}") = "UserInteraction.Client", "src\modules\UserInteraction\UserInteraction.Client\UserInteraction.Client.csproj", "{D20D50B0-DC99-4A88-95D4-494367737DE7}"
EndProject
Project("{D954291E-2A0B-460D-934E-DC6B0785DB48}") = "UserInteraction.Dtos", "src\modules\UserInteraction\UserInteraction.Dtos\UserInteraction.Dtos.shproj", "{A6DD1856-AFB7-43A3-A816-D153B8866140}"
EndProject
Project("{9A19103F-16F7-4668-BE54-9A1E7A4F7556}") = "Orcus.Administration.Library.Test", "test\Orcus.Administration.Library.Test\Orcus.Administration.Library.Test.csproj", "{143B1316-91D4-471B-AED1-FFCD344281CD}"
EndProject
Project("{9A19103F-16F7-4668-BE54-9A1E7A4F7556}") = "ModuleLocalUpdater", "src\ModuleLocalUpdater\ModuleLocalUpdater.csproj", "{77C26037-9C50-4E3F-9DCA-8E7145F595BD}"
EndProject
Project("{2150E333-8FDC-42A3-9474-1A3956D46DE8}") = "FileExplorer", "FileExplorer", "{56A6743C-4904-4C7D-B84A-6B5D0FA78E7F}"
EndProject
Project("{9A19103F-16F7-4668-BE54-9A1E7A4F7556}") = "FileExplorer.Client", "src\modules\FileExplorer\FileExplorer.Client\FileExplorer.Client.csproj", "{C7D0549E-D1B9-4FFA-AAFE-3B75B3419DEA}"
EndProject
Project("{D954291E-2A0B-460D-934E-DC6B0785DB48}") = "FileExplorer.Shared", "src\modules\FileExplorer\FileExplorer.Shared\FileExplorer.Shared.shproj", "{41D81D49-8C6A-47F0-8F66-B533473BC004}"
EndProject
Project("{9A19103F-16F7-4668-BE54-9A1E7A4F7556}") = "FileExplorer.Administration.Tests", "src\modules\FileExplorer\test\FileExplorer.Administration.Tests\FileExplorer.Administration.Tests.csproj", "{C8A05842-CAF4-49E0-86B9-FEBD69B47627}"
EndProject
Project("{9A19103F-16F7-4668-BE54-9A1E7A4F7556}") = "Orcus.Utilities", "src\Orcus.Utilities\Orcus.Utilities.csproj", "{28ABF583-643F-488C-B5FC-B285E41ED342}"
EndProject
Project("{9A19103F-16F7-4668-BE54-9A1E7A4F7556}") = "FileExplorer.Administration", "src\modules\FileExplorer\FileExplorer.Administration\FileExplorer.Administration.csproj", "{8F8A07C3-7C4E-49D2-9997-0836F51F44AC}"
EndProject
Project("{9A19103F-16F7-4668-BE54-9A1E7A4F7556}") = "TxLib", "src\submodules\TxTranslation\TxLib\TxLib.csproj", "{DC6BA170-806F-4D6E-9165-401DE852E304}"
EndProject
Project("{9A19103F-16F7-4668-BE54-9A1E7A4F7556}") = "Orcus.Sockets.Tests", "test\Orcus.Sockets.Tests\Orcus.Sockets.Tests.csproj", "{69082050-9353-4CA3-B29A-05F37CE1D1F0}"
EndProject
Project("{9A19103F-16F7-4668-BE54-9A1E7A4F7556}") = "Orcus.ControllerExtensions", "src\Orcus.ControllerExtensions\Orcus.ControllerExtensions.csproj", "{2663C0AF-3839-4483-A1B6-83CD1F7CD4C4}"
EndProject
Project("{9A19103F-16F7-4668-BE54-9A1E7A4F7556}") = "CodeElements.NetworkCall", "src\submodules\NetworkCallTransmission\CodeElements.NetworkCall\CodeElements.NetworkCall.csproj", "{932E830B-6E94-470F-BC56-01BA3E0DD066}"
EndProject
Project("{9A19103F-16F7-4668-BE54-9A1E7A4F7556}") = "CodeElements.NetworkCall.NetSerializer", "src\submodules\NetworkCallTransmission\NetSerializer\CodeElements.NetworkCall.NetSerializer\CodeElements.NetworkCall.NetSerializer.csproj", "{E388EF83-7406-4679-80D4-4213B5D858C7}"
EndProject
Project("{9A19103F-16F7-4668-BE54-9A1E7A4F7556}") = "Orcus.Administration.ControllerExtensions", "src\Orcus.Administration.ControllerExtensions\Orcus.Administration.ControllerExtensions.csproj", "{E689F881-DAB5-403E-97D2-161056929844}"
EndProject
Project("{9A19103F-16F7-4668-BE54-9A1E7A4F7556}") = "CodeElements.NetSerializer", "src\submodules\NetworkCallTransmission\NetSerializer\NetSerializer\NetSerializer\CodeElements.NetSerializer.csproj", "{1DC3C68D-5E5E-4488-8A44-1DE27CC7D9D2}"
EndProject
Project("{2150E333-8FDC-42A3-9474-1A3956D46DE8}") = "Test", "Test", "{9EA8B0D2-8CD6-4F59-89F7-40CF82D55F01}"
EndProject
Project("{2150E333-8FDC-42A3-9474-1A3956D46DE8}") = "TaskManager", "TaskManager", "{7CE46A51-503E-4EB0-935C-3ED2E48F94BF}"
EndProject
Project("{9A19103F-16F7-4668-BE54-9A1E7A4F7556}") = "TaskManager.Administration", "src\modules\TaskManager\TaskManager.Administration\TaskManager.Administration.csproj", "{EC7D87C5-1841-4F2A-BC46-0FE869839907}"
EndProject
Project("{9A19103F-16F7-4668-BE54-9A1E7A4F7556}") = "TaskManager.Client", "src\modules\TaskManager\TaskManager.Client\TaskManager.Client.csproj", "{30E6C59F-AB70-4D02-8AEE-F6A10181D5CC}"
EndProject
Project("{D954291E-2A0B-460D-934E-DC6B0785DB48}") = "TaskManager.Shared", "src\modules\TaskManager\TaskManager.Shared\TaskManager.Shared.shproj", "{2CB8C938-9636-4E78-9CE2-3AAA8FD46813}"
EndProject
Project("{9A19103F-16F7-4668-BE54-9A1E7A4F7556}") = "TreeListView", "src\submodules\MetroTreeListView\TreeListView\TreeListView.csproj", "{BE9E6BCE-C30F-47EF-AEE9-37F502DE4F5C}"
EndProject
Project("{2150E333-8FDC-42A3-9474-1A3956D46DE8}") = "_templates", "_templates", "{526EC3BC-A776-43AF-9024-3F3443052681}"
	ProjectSection(SolutionItems) = preProject
		src\projectTemplates\module\Administration.MyTemplate.vstemplate = src\projectTemplates\module\Administration.MyTemplate.vstemplate
		src\projectTemplates\module\Client.MyTemplate.vstemplate = src\projectTemplates\module\Client.MyTemplate.vstemplate
		src\projectTemplates\module\Root.vstemplate = src\projectTemplates\module\Root.vstemplate
	EndProjectSection
EndProject
Project("{9A19103F-16F7-4668-BE54-9A1E7A4F7556}") = "ModuleTemplate.Administration", "src\projectTemplates\module\ModuleTemplate.Administration\ModuleTemplate.Administration.csproj", "{5AF40800-BD35-4C94-8DA3-612257C18723}"
EndProject
Project("{9A19103F-16F7-4668-BE54-9A1E7A4F7556}") = "ModuleTemplate.Client", "src\projectTemplates\module\ModuleTemplate.Client\ModuleTemplate.Client.csproj", "{8DC28D77-B855-4B1D-A34A-4F8B5786968E}"
EndProject
Project("{D954291E-2A0B-460D-934E-DC6B0785DB48}") = "ModuleTemplate.Shared", "src\projectTemplates\module\ModuleTemplate.Shared\ModuleTemplate.Shared.shproj", "{15989B72-7F73-40F5-95D2-8C6EAAD8D5B2}"
EndProject
Project("{2150E333-8FDC-42A3-9474-1A3956D46DE8}") = "Console", "Console", "{2D48544E-F4DE-498E-B173-D03E51E7BDB3}"
EndProject
Project("{9A19103F-16F7-4668-BE54-9A1E7A4F7556}") = "Console.Administration", "src\modules\Console\Console.Administration\Console.Administration.csproj", "{5CD9E049-3AA4-43B0-B238-54C00747AF56}"
EndProject
Project("{9A19103F-16F7-4668-BE54-9A1E7A4F7556}") = "Console.Client", "src\modules\Console\Console.Client\Console.Client.csproj", "{D3CC712F-7533-43B8-AB3F-A79603EC1369}"
EndProject
Project("{D954291E-2A0B-460D-934E-DC6B0785DB48}") = "Console.Shared", "src\modules\Console\Console.Shared\Console.Shared.shproj", "{B1070EE4-03C8-4760-86BF-E9341CFAC088}"
EndProject
Project("{2150E333-8FDC-42A3-9474-1A3956D46DE8}") = "RemoteDesktop", "RemoteDesktop", "{F5BB2839-23C5-423C-BDEA-0A001260ED18}"
EndProject
Project("{9A19103F-16F7-4668-BE54-9A1E7A4F7556}") = "RemoteDesktop.Administration", "src\modules\RemoteDesktop\RemoteDesktop.Administration\RemoteDesktop.Administration.csproj", "{DA379281-4664-4A46-A334-E31EBFC12638}"
EndProject
Project("{9A19103F-16F7-4668-BE54-9A1E7A4F7556}") = "RemoteDesktop.Client", "src\modules\RemoteDesktop\RemoteDesktop.Client\RemoteDesktop.Client.csproj", "{6A31876C-E155-4FE3-B223-E456CAD3125C}"
EndProject
Project("{D954291E-2A0B-460D-934E-DC6B0785DB48}") = "RemoteDesktop.Shared", "src\modules\RemoteDesktop\RemoteDesktop.Shared\RemoteDesktop.Shared.shproj", "{90E1C3CB-19BF-47F6-B524-D0702F130FFE}"
EndProject
Project("{2150E333-8FDC-42A3-9474-1A3956D46DE8}") = "Test", "Test", "{8B97F3A0-0CA3-4A02-8F8E-7C61A189168F}"
EndProject
Project("{FAE04EC0-301F-11D3-BF4B-00C04F79EFBC}") = "RemoteDesktop.TestApp", "src\modules\RemoteDesktop\test\RemoteDesktop.TestApp\RemoteDesktop.TestApp.csproj", "{2BEB3E31-05C4-4ACA-A5DB-42586016C623}"
EndProject
Project("{2150E333-8FDC-42A3-9474-1A3956D46DE8}") = "Libraries", "Libraries", "{18667047-9F0A-4F30-B809-EC10D79A801A}"
EndProject
Project("{8BC9CEB8-8B4A-11D0-8D11-00A0C91BC942}") = "x264net", "src\modules\RemoteDesktop\libraries\x264net\x264net.vcxproj", "{26AABCC4-4BE8-4777-89ED-C6132383CD03}"
EndProject
Project("{9A19103F-16F7-4668-BE54-9A1E7A4F7556}") = "RemoteDesktop.Shared.Tests", "src\modules\RemoteDesktop\test\RemoteDesktop.Shared.Tests\RemoteDesktop.Shared.Tests.csproj", "{06AC937D-EA81-4624-BD86-BC8FB032D4D4}"
EndProject
Project("{8BC9CEB8-8B4A-11D0-8D11-00A0C91BC942}") = "OpenH264Lib", "src\modules\RemoteDesktop\libraries\OpenH264net\OpenH264Lib.vcxproj", "{B4FE105E-C607-40DC-A86B-AED03E14D18D}"
EndProject
Project("{2150E333-8FDC-42A3-9474-1A3956D46DE8}") = "SystemInformation", "SystemInformation", "{0B49D2B1-2C64-443E-B9E2-9FF8FBEBBE73}"
EndProject
Project("{9A19103F-16F7-4668-BE54-9A1E7A4F7556}") = "SystemInformation.Administration", "src\modules\SystemInformation\SystemInformation.Administration\SystemInformation.Administration.csproj", "{551507AC-E340-4264-9EA4-102A1D32BC58}"
EndProject
Project("{9A19103F-16F7-4668-BE54-9A1E7A4F7556}") = "SystemInformation.Client", "src\modules\SystemInformation\SystemInformation.Client\SystemInformation.Client.csproj", "{C0A4940E-4E20-4501-8B12-7848D9FEE167}"
EndProject
Project("{D954291E-2A0B-460D-934E-DC6B0785DB48}") = "SystemInformation.Shared", "src\modules\SystemInformation\SystemInformation.Shared\SystemInformation.Shared.shproj", "{A828AC7A-5A93-4977-B167-C8912842D359}"
EndProject
Project("{2150E333-8FDC-42A3-9474-1A3956D46DE8}") = "Test", "Test", "{E81CEC75-E2CD-46E5-9C22-26AA0E7DEC6C}"
EndProject
Project("{9A19103F-16F7-4668-BE54-9A1E7A4F7556}") = "SystemInformation.Client.Tests", "src\modules\SystemInformation\test\SystemInformation.Client.Tests\SystemInformation.Client.Tests.csproj", "{F14A86AF-DC84-4C37-81B6-668D5478C585}"
EndProject
Project("{2150E333-8FDC-42A3-9474-1A3956D46DE8}") = "RegistryEditor", "RegistryEditor", "{5DC41D2E-3E46-4B77-8B54-0212282C3F47}"
EndProject
Project("{9A19103F-16F7-4668-BE54-9A1E7A4F7556}") = "TreeViewEx", "src\submodules\TreeViewEx\src\TreeViewEx.csproj", "{DF35637A-7093-464C-960B-0A5C4F1D604E}"
EndProject
Project("{9A19103F-16F7-4668-BE54-9A1E7A4F7556}") = "RegistryEditor.Administration", "src\modules\RegistryEditor\RegistryEditor.Administration\RegistryEditor.Administration.csproj", "{9E410159-C74A-4376-A23B-18ADC635B946}"
EndProject
Project("{9A19103F-16F7-4668-BE54-9A1E7A4F7556}") = "RegistryEditor.Client", "src\modules\RegistryEditor\RegistryEditor.Client\RegistryEditor.Client.csproj", "{2AA3BF40-8C28-4C1E-BC96-513AD647B33D}"
EndProject
Project("{D954291E-2A0B-460D-934E-DC6B0785DB48}") = "RegistryEditor.Shared", "src\modules\RegistryEditor\RegistryEditor.Shared\RegistryEditor.Shared.shproj", "{1470D40C-18DA-4BC5-B5CA-AA046FD53A42}"
EndProject
Project("{2150E333-8FDC-42A3-9474-1A3956D46DE8}") = "ClientPanel", "ClientPanel", "{8ED6FD24-0629-41A1-8E1D-3BCAB838013F}"
EndProject
Project("{9A19103F-16F7-4668-BE54-9A1E7A4F7556}") = "ClientPanel.Administration", "src\modules\ClientPanel\ClientPanel.Administration\ClientPanel.Administration.csproj", "{D82432A3-9A51-4FD4-8185-677F2B05986B}"
EndProject
Project("{9A19103F-16F7-4668-BE54-9A1E7A4F7556}") = "ClientPanel.Client", "src\modules\ClientPanel\ClientPanel.Client\ClientPanel.Client.csproj", "{94278474-65F4-4626-9DF3-1596A9F226EA}"
EndProject
Project("{D954291E-2A0B-460D-934E-DC6B0785DB48}") = "ClientPanel.Shared", "src\modules\ClientPanel\ClientPanel.Shared\ClientPanel.Shared.shproj", "{B644F9A2-C0A6-4803-AA6A-487B03B64C4B}"
EndProject
Project("{2150E333-8FDC-42A3-9474-1A3956D46DE8}") = "SystemUtilities", "SystemUtilities", "{BF2DB4FB-100B-459B-BD6E-5919CFFB91E6}"
EndProject
Project("{9A19103F-16F7-4668-BE54-9A1E7A4F7556}") = "SystemUtilities.Administration", "src\modules\SystemUtilities\SystemUtilities.Administration\SystemUtilities.Administration.csproj", "{C0356729-0B69-4B8F-BFDE-9B94BE154D82}"
EndProject
Project("{9A19103F-16F7-4668-BE54-9A1E7A4F7556}") = "SystemUtilities.Client", "src\modules\SystemUtilities\SystemUtilities.Client\SystemUtilities.Client.csproj", "{C4E58463-68E2-4FC3-9A2A-2EB2AD2E74B6}"
EndProject
Project("{D954291E-2A0B-460D-934E-DC6B0785DB48}") = "SystemUtilities.Shared", "src\modules\SystemUtilities\SystemUtilities.Shared\SystemUtilities.Shared.shproj", "{625E431D-165C-4D68-8D59-E9A4874BBBB7}"
EndProject
Project("{2150E333-8FDC-42A3-9474-1A3956D46DE8}") = "ClipboardManager", "ClipboardManager", "{2D34DB40-42E1-480D-AAC1-94B6A633CB3F}"
EndProject
Project("{9A19103F-16F7-4668-BE54-9A1E7A4F7556}") = "ClipboardManager.Administration", "src\modules\ClipboardManager\ClipboardManager.Administration\ClipboardManager.Administration.csproj", "{B2A77EFD-2ABC-4F4D-9F59-8032F240D07E}"
EndProject
Project("{9A19103F-16F7-4668-BE54-9A1E7A4F7556}") = "ClipboardManager.Client", "src\modules\ClipboardManager\ClipboardManager.Client\ClipboardManager.Client.csproj", "{035582D8-6D43-4B9A-B1B6-9FE2A9C20B72}"
EndProject
Project("{D954291E-2A0B-460D-934E-DC6B0785DB48}") = "ClipboardManager.Shared", "src\modules\ClipboardManager\ClipboardManager.Shared\ClipboardManager.Shared.shproj", "{5E5EB0C8-F6AC-4B95-8E00-7CA0E27DE731}"
EndProject
Project("{2150E333-8FDC-42A3-9474-1A3956D46DE8}") = "TasksCore", "TasksCore", "{EEEB92F4-85EE-4E59-9765-3BEB2A0729EE}"
EndProject
Project("{FAE04EC0-301F-11D3-BF4B-00C04F79EFBC}") = "TasksCore.Server", "src\modules\TasksCore\TasksCore.Server\TasksCore.Server.csproj", "{701FD910-B874-459F-A486-8C29D27FABC7}"
EndProject
Project("{D954291E-2A0B-460D-934E-DC6B0785DB48}") = "TasksCore.Shared", "src\modules\TasksCore\TasksCore.Shared\TasksCore.Shared.shproj", "{FD55C753-4F2E-4309-B96A-D5FFAB28C03D}"
EndProject
Global
	GlobalSection(SharedMSBuildProjectFiles) = preSolution
		src\modules\RegistryEditor\RegistryEditor.Shared\RegistryEditor.Shared.projitems*{1470d40c-18da-4bc5-b5ca-aa046fd53a42}*SharedItemsImports = 13
		src\projectTemplates\module\ModuleTemplate.Shared\ModuleTemplate.Shared.projitems*{15989b72-7f73-40f5-95d2-8c6eaad8d5b2}*SharedItemsImports = 13
		src\modules\TaskManager\TaskManager.Shared\TaskManager.Shared.projitems*{2cb8c938-9636-4e78-9ce2-3aaa8fd46813}*SharedItemsImports = 13
		src\modules\FileExplorer\FileExplorer.Shared\FileExplorer.Shared.projitems*{41d81d49-8c6a-47f0-8f66-b533473bc004}*SharedItemsImports = 13
		src\modules\ClipboardManager\ClipboardManager.Shared\ClipboardManager.Shared.projitems*{5e5eb0c8-f6ac-4b95-8e00-7ca0e27de731}*SharedItemsImports = 13
		src\modules\SystemUtilities\SystemUtilities.Shared\SystemUtilities.Shared.projitems*{625e431d-165c-4d68-8d59-e9a4874bbbb7}*SharedItemsImports = 13
		src\modules\UserInteraction\UserInteraction.Dtos\Orcus.Modules.UserInteraction.Dtos.projitems*{78079640-832d-4593-b86a-6d2d537c5824}*SharedItemsImports = 4
		src\modules\FileExplorer\FileExplorer.Shared\FileExplorer.Shared.projitems*{8f8a07c3-7c4e-49d2-9997-0836f51f44ac}*SharedItemsImports = 4
		src\modules\RemoteDesktop\RemoteDesktop.Shared\RemoteDesktop.Shared.projitems*{90e1c3cb-19bf-47f6-b524-d0702f130ffe}*SharedItemsImports = 13
		src\modules\UserInteraction\UserInteraction.Dtos\Orcus.Modules.UserInteraction.Dtos.projitems*{a6dd1856-afb7-43a3-a816-d153b8866140}*SharedItemsImports = 13
		src\modules\SystemInformation\SystemInformation.Shared\SystemInformation.Shared.projitems*{a828ac7a-5a93-4977-b167-c8912842d359}*SharedItemsImports = 13
		src\modules\Console\Console.Shared\Console.Shared.projitems*{b1070ee4-03c8-4760-86bf-e9341cfac088}*SharedItemsImports = 13
		src\modules\ClientPanel\ClientPanel.Shared\ClientPanel.Shared.projitems*{b644f9a2-c0a6-4803-aa6a-487b03b64c4b}*SharedItemsImports = 13
		src\modules\TasksCore\TasksCore.Shared\TasksCore.Shared.projitems*{fd55c753-4f2e-4309-b96a-d5ffab28c03d}*SharedItemsImports = 13
	EndGlobalSection
	GlobalSection(SolutionConfigurationPlatforms) = preSolution
		Debug|Any CPU = Debug|Any CPU
		Debug|x64 = Debug|x64
		Debug|x86 = Debug|x86
		Release|Any CPU = Release|Any CPU
		Release|x64 = Release|x64
		Release|x86 = Release|x86
	EndGlobalSection
	GlobalSection(ProjectConfigurationPlatforms) = postSolution
		{16E5D6DC-F93E-47F0-8F67-D2A1DA18E017}.Debug|Any CPU.ActiveCfg = Debug|Any CPU
		{16E5D6DC-F93E-47F0-8F67-D2A1DA18E017}.Debug|Any CPU.Build.0 = Debug|Any CPU
		{16E5D6DC-F93E-47F0-8F67-D2A1DA18E017}.Debug|x64.ActiveCfg = Debug|Any CPU
		{16E5D6DC-F93E-47F0-8F67-D2A1DA18E017}.Debug|x64.Build.0 = Debug|Any CPU
		{16E5D6DC-F93E-47F0-8F67-D2A1DA18E017}.Debug|x86.ActiveCfg = Debug|Any CPU
		{16E5D6DC-F93E-47F0-8F67-D2A1DA18E017}.Debug|x86.Build.0 = Debug|Any CPU
		{16E5D6DC-F93E-47F0-8F67-D2A1DA18E017}.Release|Any CPU.ActiveCfg = Release|Any CPU
		{16E5D6DC-F93E-47F0-8F67-D2A1DA18E017}.Release|Any CPU.Build.0 = Release|Any CPU
		{16E5D6DC-F93E-47F0-8F67-D2A1DA18E017}.Release|x64.ActiveCfg = Release|Any CPU
		{16E5D6DC-F93E-47F0-8F67-D2A1DA18E017}.Release|x64.Build.0 = Release|Any CPU
		{16E5D6DC-F93E-47F0-8F67-D2A1DA18E017}.Release|x86.ActiveCfg = Release|Any CPU
		{16E5D6DC-F93E-47F0-8F67-D2A1DA18E017}.Release|x86.Build.0 = Release|Any CPU
		{51DB7965-8C8C-4E44-BA1E-0A157D2DE6D9}.Debug|Any CPU.ActiveCfg = Debug|Any CPU
		{51DB7965-8C8C-4E44-BA1E-0A157D2DE6D9}.Debug|Any CPU.Build.0 = Debug|Any CPU
		{51DB7965-8C8C-4E44-BA1E-0A157D2DE6D9}.Debug|x64.ActiveCfg = Debug|Any CPU
		{51DB7965-8C8C-4E44-BA1E-0A157D2DE6D9}.Debug|x64.Build.0 = Debug|Any CPU
		{51DB7965-8C8C-4E44-BA1E-0A157D2DE6D9}.Debug|x86.ActiveCfg = Debug|Any CPU
		{51DB7965-8C8C-4E44-BA1E-0A157D2DE6D9}.Debug|x86.Build.0 = Debug|Any CPU
		{51DB7965-8C8C-4E44-BA1E-0A157D2DE6D9}.Release|Any CPU.ActiveCfg = Release|Any CPU
		{51DB7965-8C8C-4E44-BA1E-0A157D2DE6D9}.Release|Any CPU.Build.0 = Release|Any CPU
		{51DB7965-8C8C-4E44-BA1E-0A157D2DE6D9}.Release|x64.ActiveCfg = Release|Any CPU
		{51DB7965-8C8C-4E44-BA1E-0A157D2DE6D9}.Release|x64.Build.0 = Release|Any CPU
		{51DB7965-8C8C-4E44-BA1E-0A157D2DE6D9}.Release|x86.ActiveCfg = Release|Any CPU
		{51DB7965-8C8C-4E44-BA1E-0A157D2DE6D9}.Release|x86.Build.0 = Release|Any CPU
		{F7BA3EC1-1583-4A93-97F8-3394954B5953}.Debug|Any CPU.ActiveCfg = Debug|Any CPU
		{F7BA3EC1-1583-4A93-97F8-3394954B5953}.Debug|Any CPU.Build.0 = Debug|Any CPU
		{F7BA3EC1-1583-4A93-97F8-3394954B5953}.Debug|x64.ActiveCfg = Debug|Any CPU
		{F7BA3EC1-1583-4A93-97F8-3394954B5953}.Debug|x64.Build.0 = Debug|Any CPU
		{F7BA3EC1-1583-4A93-97F8-3394954B5953}.Debug|x86.ActiveCfg = Debug|Any CPU
		{F7BA3EC1-1583-4A93-97F8-3394954B5953}.Debug|x86.Build.0 = Debug|Any CPU
		{F7BA3EC1-1583-4A93-97F8-3394954B5953}.Release|Any CPU.ActiveCfg = Release|Any CPU
		{F7BA3EC1-1583-4A93-97F8-3394954B5953}.Release|Any CPU.Build.0 = Release|Any CPU
		{F7BA3EC1-1583-4A93-97F8-3394954B5953}.Release|x64.ActiveCfg = Release|Any CPU
		{F7BA3EC1-1583-4A93-97F8-3394954B5953}.Release|x64.Build.0 = Release|Any CPU
		{F7BA3EC1-1583-4A93-97F8-3394954B5953}.Release|x86.ActiveCfg = Release|Any CPU
		{F7BA3EC1-1583-4A93-97F8-3394954B5953}.Release|x86.Build.0 = Release|Any CPU
		{DE56441C-B66E-40C5-86B3-DE881D7D09F7}.Debug|Any CPU.ActiveCfg = Debug|Any CPU
		{DE56441C-B66E-40C5-86B3-DE881D7D09F7}.Debug|Any CPU.Build.0 = Debug|Any CPU
		{DE56441C-B66E-40C5-86B3-DE881D7D09F7}.Debug|x64.ActiveCfg = Debug|Any CPU
		{DE56441C-B66E-40C5-86B3-DE881D7D09F7}.Debug|x64.Build.0 = Debug|Any CPU
		{DE56441C-B66E-40C5-86B3-DE881D7D09F7}.Debug|x86.ActiveCfg = Debug|Any CPU
		{DE56441C-B66E-40C5-86B3-DE881D7D09F7}.Debug|x86.Build.0 = Debug|Any CPU
		{DE56441C-B66E-40C5-86B3-DE881D7D09F7}.Release|Any CPU.ActiveCfg = Release|Any CPU
		{DE56441C-B66E-40C5-86B3-DE881D7D09F7}.Release|Any CPU.Build.0 = Release|Any CPU
		{DE56441C-B66E-40C5-86B3-DE881D7D09F7}.Release|x64.ActiveCfg = Release|Any CPU
		{DE56441C-B66E-40C5-86B3-DE881D7D09F7}.Release|x64.Build.0 = Release|Any CPU
		{DE56441C-B66E-40C5-86B3-DE881D7D09F7}.Release|x86.ActiveCfg = Release|Any CPU
		{DE56441C-B66E-40C5-86B3-DE881D7D09F7}.Release|x86.Build.0 = Release|Any CPU
		{B413093F-9C96-4D93-BB03-A1E2F25940EF}.Debug|Any CPU.ActiveCfg = Debug|Any CPU
		{B413093F-9C96-4D93-BB03-A1E2F25940EF}.Debug|Any CPU.Build.0 = Debug|Any CPU
		{B413093F-9C96-4D93-BB03-A1E2F25940EF}.Debug|x64.ActiveCfg = Debug|Any CPU
		{B413093F-9C96-4D93-BB03-A1E2F25940EF}.Debug|x64.Build.0 = Debug|Any CPU
		{B413093F-9C96-4D93-BB03-A1E2F25940EF}.Debug|x86.ActiveCfg = Debug|Any CPU
		{B413093F-9C96-4D93-BB03-A1E2F25940EF}.Debug|x86.Build.0 = Debug|Any CPU
		{B413093F-9C96-4D93-BB03-A1E2F25940EF}.Release|Any CPU.ActiveCfg = Release|Any CPU
		{B413093F-9C96-4D93-BB03-A1E2F25940EF}.Release|Any CPU.Build.0 = Release|Any CPU
		{B413093F-9C96-4D93-BB03-A1E2F25940EF}.Release|x64.ActiveCfg = Release|Any CPU
		{B413093F-9C96-4D93-BB03-A1E2F25940EF}.Release|x64.Build.0 = Release|Any CPU
		{B413093F-9C96-4D93-BB03-A1E2F25940EF}.Release|x86.ActiveCfg = Release|Any CPU
		{B413093F-9C96-4D93-BB03-A1E2F25940EF}.Release|x86.Build.0 = Release|Any CPU
		{B0F87C73-910B-41DD-8F00-3A33A85A707C}.Debug|Any CPU.ActiveCfg = Debug|Any CPU
		{B0F87C73-910B-41DD-8F00-3A33A85A707C}.Debug|Any CPU.Build.0 = Debug|Any CPU
		{B0F87C73-910B-41DD-8F00-3A33A85A707C}.Debug|x64.ActiveCfg = Debug|Any CPU
		{B0F87C73-910B-41DD-8F00-3A33A85A707C}.Debug|x64.Build.0 = Debug|Any CPU
		{B0F87C73-910B-41DD-8F00-3A33A85A707C}.Debug|x86.ActiveCfg = Debug|Any CPU
		{B0F87C73-910B-41DD-8F00-3A33A85A707C}.Debug|x86.Build.0 = Debug|Any CPU
		{B0F87C73-910B-41DD-8F00-3A33A85A707C}.Release|Any CPU.ActiveCfg = Release|Any CPU
		{B0F87C73-910B-41DD-8F00-3A33A85A707C}.Release|Any CPU.Build.0 = Release|Any CPU
		{B0F87C73-910B-41DD-8F00-3A33A85A707C}.Release|x64.ActiveCfg = Release|Any CPU
		{B0F87C73-910B-41DD-8F00-3A33A85A707C}.Release|x64.Build.0 = Release|Any CPU
		{B0F87C73-910B-41DD-8F00-3A33A85A707C}.Release|x86.ActiveCfg = Release|Any CPU
		{B0F87C73-910B-41DD-8F00-3A33A85A707C}.Release|x86.Build.0 = Release|Any CPU
		{9DE0B1DE-1AF7-47D0-B869-C2AB52468349}.Debug|Any CPU.ActiveCfg = Debug|Any CPU
		{9DE0B1DE-1AF7-47D0-B869-C2AB52468349}.Debug|Any CPU.Build.0 = Debug|Any CPU
		{9DE0B1DE-1AF7-47D0-B869-C2AB52468349}.Debug|x64.ActiveCfg = Debug|Any CPU
		{9DE0B1DE-1AF7-47D0-B869-C2AB52468349}.Debug|x64.Build.0 = Debug|Any CPU
		{9DE0B1DE-1AF7-47D0-B869-C2AB52468349}.Debug|x86.ActiveCfg = Debug|Any CPU
		{9DE0B1DE-1AF7-47D0-B869-C2AB52468349}.Debug|x86.Build.0 = Debug|Any CPU
		{9DE0B1DE-1AF7-47D0-B869-C2AB52468349}.Release|Any CPU.ActiveCfg = Release|Any CPU
		{9DE0B1DE-1AF7-47D0-B869-C2AB52468349}.Release|Any CPU.Build.0 = Release|Any CPU
		{9DE0B1DE-1AF7-47D0-B869-C2AB52468349}.Release|x64.ActiveCfg = Release|Any CPU
		{9DE0B1DE-1AF7-47D0-B869-C2AB52468349}.Release|x64.Build.0 = Release|Any CPU
		{9DE0B1DE-1AF7-47D0-B869-C2AB52468349}.Release|x86.ActiveCfg = Release|Any CPU
		{9DE0B1DE-1AF7-47D0-B869-C2AB52468349}.Release|x86.Build.0 = Release|Any CPU
		{EBCE073F-A41C-4FF1-967B-40E2D9344663}.Debug|Any CPU.ActiveCfg = Debug|Any CPU
		{EBCE073F-A41C-4FF1-967B-40E2D9344663}.Debug|Any CPU.Build.0 = Debug|Any CPU
		{EBCE073F-A41C-4FF1-967B-40E2D9344663}.Debug|x64.ActiveCfg = Debug|Any CPU
		{EBCE073F-A41C-4FF1-967B-40E2D9344663}.Debug|x64.Build.0 = Debug|Any CPU
		{EBCE073F-A41C-4FF1-967B-40E2D9344663}.Debug|x86.ActiveCfg = Debug|Any CPU
		{EBCE073F-A41C-4FF1-967B-40E2D9344663}.Debug|x86.Build.0 = Debug|Any CPU
		{EBCE073F-A41C-4FF1-967B-40E2D9344663}.Release|Any CPU.ActiveCfg = Release|Any CPU
		{EBCE073F-A41C-4FF1-967B-40E2D9344663}.Release|Any CPU.Build.0 = Release|Any CPU
		{EBCE073F-A41C-4FF1-967B-40E2D9344663}.Release|x64.ActiveCfg = Release|Any CPU
		{EBCE073F-A41C-4FF1-967B-40E2D9344663}.Release|x64.Build.0 = Release|Any CPU
		{EBCE073F-A41C-4FF1-967B-40E2D9344663}.Release|x86.ActiveCfg = Release|Any CPU
		{EBCE073F-A41C-4FF1-967B-40E2D9344663}.Release|x86.Build.0 = Release|Any CPU
		{B3A4C752-54E7-4125-951B-BA7660A09B02}.Debug|Any CPU.ActiveCfg = Debug|Any CPU
		{B3A4C752-54E7-4125-951B-BA7660A09B02}.Debug|Any CPU.Build.0 = Debug|Any CPU
		{B3A4C752-54E7-4125-951B-BA7660A09B02}.Debug|x64.ActiveCfg = Debug|Any CPU
		{B3A4C752-54E7-4125-951B-BA7660A09B02}.Debug|x64.Build.0 = Debug|Any CPU
		{B3A4C752-54E7-4125-951B-BA7660A09B02}.Debug|x86.ActiveCfg = Debug|Any CPU
		{B3A4C752-54E7-4125-951B-BA7660A09B02}.Debug|x86.Build.0 = Debug|Any CPU
		{B3A4C752-54E7-4125-951B-BA7660A09B02}.Release|Any CPU.ActiveCfg = Release|Any CPU
		{B3A4C752-54E7-4125-951B-BA7660A09B02}.Release|Any CPU.Build.0 = Release|Any CPU
		{B3A4C752-54E7-4125-951B-BA7660A09B02}.Release|x64.ActiveCfg = Release|Any CPU
		{B3A4C752-54E7-4125-951B-BA7660A09B02}.Release|x64.Build.0 = Release|Any CPU
		{B3A4C752-54E7-4125-951B-BA7660A09B02}.Release|x86.ActiveCfg = Release|Any CPU
		{B3A4C752-54E7-4125-951B-BA7660A09B02}.Release|x86.Build.0 = Release|Any CPU
		{1A3DF103-07AA-42DE-AED4-40FD4D44635B}.Debug|Any CPU.ActiveCfg = Debug|Any CPU
		{1A3DF103-07AA-42DE-AED4-40FD4D44635B}.Debug|Any CPU.Build.0 = Debug|Any CPU
		{1A3DF103-07AA-42DE-AED4-40FD4D44635B}.Debug|x64.ActiveCfg = Debug|Any CPU
		{1A3DF103-07AA-42DE-AED4-40FD4D44635B}.Debug|x64.Build.0 = Debug|Any CPU
		{1A3DF103-07AA-42DE-AED4-40FD4D44635B}.Debug|x86.ActiveCfg = Debug|Any CPU
		{1A3DF103-07AA-42DE-AED4-40FD4D44635B}.Debug|x86.Build.0 = Debug|Any CPU
		{1A3DF103-07AA-42DE-AED4-40FD4D44635B}.Release|Any CPU.ActiveCfg = Release|Any CPU
		{1A3DF103-07AA-42DE-AED4-40FD4D44635B}.Release|Any CPU.Build.0 = Release|Any CPU
		{1A3DF103-07AA-42DE-AED4-40FD4D44635B}.Release|x64.ActiveCfg = Release|Any CPU
		{1A3DF103-07AA-42DE-AED4-40FD4D44635B}.Release|x64.Build.0 = Release|Any CPU
		{1A3DF103-07AA-42DE-AED4-40FD4D44635B}.Release|x86.ActiveCfg = Release|Any CPU
		{1A3DF103-07AA-42DE-AED4-40FD4D44635B}.Release|x86.Build.0 = Release|Any CPU
		{42D5467F-20DB-4416-B673-0383304D098E}.Debug|Any CPU.ActiveCfg = Debug|Any CPU
		{42D5467F-20DB-4416-B673-0383304D098E}.Debug|Any CPU.Build.0 = Debug|Any CPU
		{42D5467F-20DB-4416-B673-0383304D098E}.Debug|x64.ActiveCfg = Debug|Any CPU
		{42D5467F-20DB-4416-B673-0383304D098E}.Debug|x64.Build.0 = Debug|Any CPU
		{42D5467F-20DB-4416-B673-0383304D098E}.Debug|x86.ActiveCfg = Debug|Any CPU
		{42D5467F-20DB-4416-B673-0383304D098E}.Debug|x86.Build.0 = Debug|Any CPU
		{42D5467F-20DB-4416-B673-0383304D098E}.Release|Any CPU.ActiveCfg = Release|Any CPU
		{42D5467F-20DB-4416-B673-0383304D098E}.Release|Any CPU.Build.0 = Release|Any CPU
		{42D5467F-20DB-4416-B673-0383304D098E}.Release|x64.ActiveCfg = Release|Any CPU
		{42D5467F-20DB-4416-B673-0383304D098E}.Release|x64.Build.0 = Release|Any CPU
		{42D5467F-20DB-4416-B673-0383304D098E}.Release|x86.ActiveCfg = Release|Any CPU
		{42D5467F-20DB-4416-B673-0383304D098E}.Release|x86.Build.0 = Release|Any CPU
		{43A0869B-39E6-4CBD-A256-6ED56ED3010F}.Debug|Any CPU.ActiveCfg = Debug|Any CPU
		{43A0869B-39E6-4CBD-A256-6ED56ED3010F}.Debug|Any CPU.Build.0 = Debug|Any CPU
		{43A0869B-39E6-4CBD-A256-6ED56ED3010F}.Debug|x64.ActiveCfg = Debug|Any CPU
		{43A0869B-39E6-4CBD-A256-6ED56ED3010F}.Debug|x64.Build.0 = Debug|Any CPU
		{43A0869B-39E6-4CBD-A256-6ED56ED3010F}.Debug|x86.ActiveCfg = Debug|Any CPU
		{43A0869B-39E6-4CBD-A256-6ED56ED3010F}.Debug|x86.Build.0 = Debug|Any CPU
		{43A0869B-39E6-4CBD-A256-6ED56ED3010F}.Release|Any CPU.ActiveCfg = Release|Any CPU
		{43A0869B-39E6-4CBD-A256-6ED56ED3010F}.Release|Any CPU.Build.0 = Release|Any CPU
		{43A0869B-39E6-4CBD-A256-6ED56ED3010F}.Release|x64.ActiveCfg = Release|Any CPU
		{43A0869B-39E6-4CBD-A256-6ED56ED3010F}.Release|x64.Build.0 = Release|Any CPU
		{43A0869B-39E6-4CBD-A256-6ED56ED3010F}.Release|x86.ActiveCfg = Release|Any CPU
		{43A0869B-39E6-4CBD-A256-6ED56ED3010F}.Release|x86.Build.0 = Release|Any CPU
		{6DFFC199-BA67-4B49-9EF7-F2FFA66C3B2A}.Debug|Any CPU.ActiveCfg = Debug|Any CPU
		{6DFFC199-BA67-4B49-9EF7-F2FFA66C3B2A}.Debug|Any CPU.Build.0 = Debug|Any CPU
		{6DFFC199-BA67-4B49-9EF7-F2FFA66C3B2A}.Debug|x64.ActiveCfg = Debug|Any CPU
		{6DFFC199-BA67-4B49-9EF7-F2FFA66C3B2A}.Debug|x64.Build.0 = Debug|Any CPU
		{6DFFC199-BA67-4B49-9EF7-F2FFA66C3B2A}.Debug|x86.ActiveCfg = Debug|Any CPU
		{6DFFC199-BA67-4B49-9EF7-F2FFA66C3B2A}.Debug|x86.Build.0 = Debug|Any CPU
		{6DFFC199-BA67-4B49-9EF7-F2FFA66C3B2A}.Release|Any CPU.ActiveCfg = Release|Any CPU
		{6DFFC199-BA67-4B49-9EF7-F2FFA66C3B2A}.Release|Any CPU.Build.0 = Release|Any CPU
		{6DFFC199-BA67-4B49-9EF7-F2FFA66C3B2A}.Release|x64.ActiveCfg = Release|Any CPU
		{6DFFC199-BA67-4B49-9EF7-F2FFA66C3B2A}.Release|x64.Build.0 = Release|Any CPU
		{6DFFC199-BA67-4B49-9EF7-F2FFA66C3B2A}.Release|x86.ActiveCfg = Release|Any CPU
		{6DFFC199-BA67-4B49-9EF7-F2FFA66C3B2A}.Release|x86.Build.0 = Release|Any CPU
		{BDAC99B3-E005-4A85-A699-D9E36E7408F3}.Debug|Any CPU.ActiveCfg = Debug|Any CPU
		{BDAC99B3-E005-4A85-A699-D9E36E7408F3}.Debug|Any CPU.Build.0 = Debug|Any CPU
		{BDAC99B3-E005-4A85-A699-D9E36E7408F3}.Debug|x64.ActiveCfg = Debug|Any CPU
		{BDAC99B3-E005-4A85-A699-D9E36E7408F3}.Debug|x64.Build.0 = Debug|Any CPU
		{BDAC99B3-E005-4A85-A699-D9E36E7408F3}.Debug|x86.ActiveCfg = Debug|Any CPU
		{BDAC99B3-E005-4A85-A699-D9E36E7408F3}.Debug|x86.Build.0 = Debug|Any CPU
		{BDAC99B3-E005-4A85-A699-D9E36E7408F3}.Release|Any CPU.ActiveCfg = Release|Any CPU
		{BDAC99B3-E005-4A85-A699-D9E36E7408F3}.Release|Any CPU.Build.0 = Release|Any CPU
		{BDAC99B3-E005-4A85-A699-D9E36E7408F3}.Release|x64.ActiveCfg = Release|Any CPU
		{BDAC99B3-E005-4A85-A699-D9E36E7408F3}.Release|x64.Build.0 = Release|Any CPU
		{BDAC99B3-E005-4A85-A699-D9E36E7408F3}.Release|x86.ActiveCfg = Release|Any CPU
		{BDAC99B3-E005-4A85-A699-D9E36E7408F3}.Release|x86.Build.0 = Release|Any CPU
		{7B87BB5B-3BF8-4500-A416-687AF492781F}.Debug|Any CPU.ActiveCfg = Debug|Any CPU
		{7B87BB5B-3BF8-4500-A416-687AF492781F}.Debug|Any CPU.Build.0 = Debug|Any CPU
		{7B87BB5B-3BF8-4500-A416-687AF492781F}.Debug|x64.ActiveCfg = Debug|Any CPU
		{7B87BB5B-3BF8-4500-A416-687AF492781F}.Debug|x64.Build.0 = Debug|Any CPU
		{7B87BB5B-3BF8-4500-A416-687AF492781F}.Debug|x86.ActiveCfg = Debug|Any CPU
		{7B87BB5B-3BF8-4500-A416-687AF492781F}.Debug|x86.Build.0 = Debug|Any CPU
		{7B87BB5B-3BF8-4500-A416-687AF492781F}.Release|Any CPU.ActiveCfg = Release|Any CPU
		{7B87BB5B-3BF8-4500-A416-687AF492781F}.Release|Any CPU.Build.0 = Release|Any CPU
		{7B87BB5B-3BF8-4500-A416-687AF492781F}.Release|x64.ActiveCfg = Release|Any CPU
		{7B87BB5B-3BF8-4500-A416-687AF492781F}.Release|x64.Build.0 = Release|Any CPU
		{7B87BB5B-3BF8-4500-A416-687AF492781F}.Release|x86.ActiveCfg = Release|Any CPU
		{7B87BB5B-3BF8-4500-A416-687AF492781F}.Release|x86.Build.0 = Release|Any CPU
		{860BFB06-4FCD-494F-B7C3-1D53683FA988}.Debug|Any CPU.ActiveCfg = Debug|Any CPU
		{860BFB06-4FCD-494F-B7C3-1D53683FA988}.Debug|Any CPU.Build.0 = Debug|Any CPU
		{860BFB06-4FCD-494F-B7C3-1D53683FA988}.Debug|x64.ActiveCfg = Debug|Any CPU
		{860BFB06-4FCD-494F-B7C3-1D53683FA988}.Debug|x64.Build.0 = Debug|Any CPU
		{860BFB06-4FCD-494F-B7C3-1D53683FA988}.Debug|x86.ActiveCfg = Debug|Any CPU
		{860BFB06-4FCD-494F-B7C3-1D53683FA988}.Debug|x86.Build.0 = Debug|Any CPU
		{860BFB06-4FCD-494F-B7C3-1D53683FA988}.Release|Any CPU.ActiveCfg = Release|Any CPU
		{860BFB06-4FCD-494F-B7C3-1D53683FA988}.Release|Any CPU.Build.0 = Release|Any CPU
		{860BFB06-4FCD-494F-B7C3-1D53683FA988}.Release|x64.ActiveCfg = Release|Any CPU
		{860BFB06-4FCD-494F-B7C3-1D53683FA988}.Release|x64.Build.0 = Release|Any CPU
		{860BFB06-4FCD-494F-B7C3-1D53683FA988}.Release|x86.ActiveCfg = Release|Any CPU
		{860BFB06-4FCD-494F-B7C3-1D53683FA988}.Release|x86.Build.0 = Release|Any CPU
		{B815C545-E86A-47E9-81F5-11CE7B2E141D}.Debug|Any CPU.ActiveCfg = Debug|Any CPU
		{B815C545-E86A-47E9-81F5-11CE7B2E141D}.Debug|Any CPU.Build.0 = Debug|Any CPU
		{B815C545-E86A-47E9-81F5-11CE7B2E141D}.Debug|x64.ActiveCfg = Debug|Any CPU
		{B815C545-E86A-47E9-81F5-11CE7B2E141D}.Debug|x64.Build.0 = Debug|Any CPU
		{B815C545-E86A-47E9-81F5-11CE7B2E141D}.Debug|x86.ActiveCfg = Debug|Any CPU
		{B815C545-E86A-47E9-81F5-11CE7B2E141D}.Debug|x86.Build.0 = Debug|Any CPU
		{B815C545-E86A-47E9-81F5-11CE7B2E141D}.Release|Any CPU.ActiveCfg = Release|Any CPU
		{B815C545-E86A-47E9-81F5-11CE7B2E141D}.Release|Any CPU.Build.0 = Release|Any CPU
		{B815C545-E86A-47E9-81F5-11CE7B2E141D}.Release|x64.ActiveCfg = Release|Any CPU
		{B815C545-E86A-47E9-81F5-11CE7B2E141D}.Release|x64.Build.0 = Release|Any CPU
		{B815C545-E86A-47E9-81F5-11CE7B2E141D}.Release|x86.ActiveCfg = Release|Any CPU
		{B815C545-E86A-47E9-81F5-11CE7B2E141D}.Release|x86.Build.0 = Release|Any CPU
		{A671F822-E1D1-491F-A31D-5C24F5482F74}.Debug|Any CPU.ActiveCfg = Debug|Any CPU
		{A671F822-E1D1-491F-A31D-5C24F5482F74}.Debug|Any CPU.Build.0 = Debug|Any CPU
		{A671F822-E1D1-491F-A31D-5C24F5482F74}.Debug|x64.ActiveCfg = Debug|Any CPU
		{A671F822-E1D1-491F-A31D-5C24F5482F74}.Debug|x64.Build.0 = Debug|Any CPU
		{A671F822-E1D1-491F-A31D-5C24F5482F74}.Debug|x86.ActiveCfg = Debug|Any CPU
		{A671F822-E1D1-491F-A31D-5C24F5482F74}.Debug|x86.Build.0 = Debug|Any CPU
		{A671F822-E1D1-491F-A31D-5C24F5482F74}.Release|Any CPU.ActiveCfg = Release|Any CPU
		{A671F822-E1D1-491F-A31D-5C24F5482F74}.Release|Any CPU.Build.0 = Release|Any CPU
		{A671F822-E1D1-491F-A31D-5C24F5482F74}.Release|x64.ActiveCfg = Release|Any CPU
		{A671F822-E1D1-491F-A31D-5C24F5482F74}.Release|x64.Build.0 = Release|Any CPU
		{A671F822-E1D1-491F-A31D-5C24F5482F74}.Release|x86.ActiveCfg = Release|Any CPU
		{A671F822-E1D1-491F-A31D-5C24F5482F74}.Release|x86.Build.0 = Release|Any CPU
		{92894371-2AA8-43FB-865A-39E1DCE5BF03}.Debug|Any CPU.ActiveCfg = Debug|Any CPU
		{92894371-2AA8-43FB-865A-39E1DCE5BF03}.Debug|Any CPU.Build.0 = Debug|Any CPU
		{92894371-2AA8-43FB-865A-39E1DCE5BF03}.Debug|x64.ActiveCfg = Debug|Any CPU
		{92894371-2AA8-43FB-865A-39E1DCE5BF03}.Debug|x64.Build.0 = Debug|Any CPU
		{92894371-2AA8-43FB-865A-39E1DCE5BF03}.Debug|x86.ActiveCfg = Debug|Any CPU
		{92894371-2AA8-43FB-865A-39E1DCE5BF03}.Debug|x86.Build.0 = Debug|Any CPU
		{92894371-2AA8-43FB-865A-39E1DCE5BF03}.Release|Any CPU.ActiveCfg = Release|Any CPU
		{92894371-2AA8-43FB-865A-39E1DCE5BF03}.Release|Any CPU.Build.0 = Release|Any CPU
		{92894371-2AA8-43FB-865A-39E1DCE5BF03}.Release|x64.ActiveCfg = Release|Any CPU
		{92894371-2AA8-43FB-865A-39E1DCE5BF03}.Release|x64.Build.0 = Release|Any CPU
		{92894371-2AA8-43FB-865A-39E1DCE5BF03}.Release|x86.ActiveCfg = Release|Any CPU
		{92894371-2AA8-43FB-865A-39E1DCE5BF03}.Release|x86.Build.0 = Release|Any CPU
		{F6268227-51AA-4C46-83E0-AF2D77FF5868}.Debug|Any CPU.ActiveCfg = Debug|Any CPU
		{F6268227-51AA-4C46-83E0-AF2D77FF5868}.Debug|Any CPU.Build.0 = Debug|Any CPU
		{F6268227-51AA-4C46-83E0-AF2D77FF5868}.Debug|x64.ActiveCfg = Debug|Any CPU
		{F6268227-51AA-4C46-83E0-AF2D77FF5868}.Debug|x64.Build.0 = Debug|Any CPU
		{F6268227-51AA-4C46-83E0-AF2D77FF5868}.Debug|x86.ActiveCfg = Debug|Any CPU
		{F6268227-51AA-4C46-83E0-AF2D77FF5868}.Debug|x86.Build.0 = Debug|Any CPU
		{F6268227-51AA-4C46-83E0-AF2D77FF5868}.Release|Any CPU.ActiveCfg = Release|Any CPU
		{F6268227-51AA-4C46-83E0-AF2D77FF5868}.Release|Any CPU.Build.0 = Release|Any CPU
		{F6268227-51AA-4C46-83E0-AF2D77FF5868}.Release|x64.ActiveCfg = Release|Any CPU
		{F6268227-51AA-4C46-83E0-AF2D77FF5868}.Release|x64.Build.0 = Release|Any CPU
		{F6268227-51AA-4C46-83E0-AF2D77FF5868}.Release|x86.ActiveCfg = Release|Any CPU
		{F6268227-51AA-4C46-83E0-AF2D77FF5868}.Release|x86.Build.0 = Release|Any CPU
		{0230F843-0B3F-4887-AF5D-A8EAC7A88D17}.Debug|Any CPU.ActiveCfg = Debug|Any CPU
		{0230F843-0B3F-4887-AF5D-A8EAC7A88D17}.Debug|Any CPU.Build.0 = Debug|Any CPU
		{0230F843-0B3F-4887-AF5D-A8EAC7A88D17}.Debug|x64.ActiveCfg = Debug|Any CPU
		{0230F843-0B3F-4887-AF5D-A8EAC7A88D17}.Debug|x64.Build.0 = Debug|Any CPU
		{0230F843-0B3F-4887-AF5D-A8EAC7A88D17}.Debug|x86.ActiveCfg = Debug|Any CPU
		{0230F843-0B3F-4887-AF5D-A8EAC7A88D17}.Debug|x86.Build.0 = Debug|Any CPU
		{0230F843-0B3F-4887-AF5D-A8EAC7A88D17}.Release|Any CPU.ActiveCfg = Release|Any CPU
		{0230F843-0B3F-4887-AF5D-A8EAC7A88D17}.Release|Any CPU.Build.0 = Release|Any CPU
		{0230F843-0B3F-4887-AF5D-A8EAC7A88D17}.Release|x64.ActiveCfg = Release|Any CPU
		{0230F843-0B3F-4887-AF5D-A8EAC7A88D17}.Release|x64.Build.0 = Release|Any CPU
		{0230F843-0B3F-4887-AF5D-A8EAC7A88D17}.Release|x86.ActiveCfg = Release|Any CPU
		{0230F843-0B3F-4887-AF5D-A8EAC7A88D17}.Release|x86.Build.0 = Release|Any CPU
		{F90696CB-DB87-4931-AAC1-AF452727E5E5}.Debug|Any CPU.ActiveCfg = Debug|Any CPU
		{F90696CB-DB87-4931-AAC1-AF452727E5E5}.Debug|Any CPU.Build.0 = Debug|Any CPU
		{F90696CB-DB87-4931-AAC1-AF452727E5E5}.Debug|x64.ActiveCfg = Debug|Any CPU
		{F90696CB-DB87-4931-AAC1-AF452727E5E5}.Debug|x64.Build.0 = Debug|Any CPU
		{F90696CB-DB87-4931-AAC1-AF452727E5E5}.Debug|x86.ActiveCfg = Debug|Any CPU
		{F90696CB-DB87-4931-AAC1-AF452727E5E5}.Debug|x86.Build.0 = Debug|Any CPU
		{F90696CB-DB87-4931-AAC1-AF452727E5E5}.Release|Any CPU.ActiveCfg = Release|Any CPU
		{F90696CB-DB87-4931-AAC1-AF452727E5E5}.Release|Any CPU.Build.0 = Release|Any CPU
		{F90696CB-DB87-4931-AAC1-AF452727E5E5}.Release|x64.ActiveCfg = Release|Any CPU
		{F90696CB-DB87-4931-AAC1-AF452727E5E5}.Release|x64.Build.0 = Release|Any CPU
		{F90696CB-DB87-4931-AAC1-AF452727E5E5}.Release|x86.ActiveCfg = Release|Any CPU
		{F90696CB-DB87-4931-AAC1-AF452727E5E5}.Release|x86.Build.0 = Release|Any CPU
		{19CEE9CF-58B2-4AF3-88F9-58EEF81D6571}.Debug|Any CPU.ActiveCfg = Debug|Any CPU
		{19CEE9CF-58B2-4AF3-88F9-58EEF81D6571}.Debug|Any CPU.Build.0 = Debug|Any CPU
		{19CEE9CF-58B2-4AF3-88F9-58EEF81D6571}.Debug|x64.ActiveCfg = Debug|Any CPU
		{19CEE9CF-58B2-4AF3-88F9-58EEF81D6571}.Debug|x64.Build.0 = Debug|Any CPU
		{19CEE9CF-58B2-4AF3-88F9-58EEF81D6571}.Debug|x86.ActiveCfg = Debug|Any CPU
		{19CEE9CF-58B2-4AF3-88F9-58EEF81D6571}.Debug|x86.Build.0 = Debug|Any CPU
		{19CEE9CF-58B2-4AF3-88F9-58EEF81D6571}.Release|Any CPU.ActiveCfg = Release|Any CPU
		{19CEE9CF-58B2-4AF3-88F9-58EEF81D6571}.Release|Any CPU.Build.0 = Release|Any CPU
		{19CEE9CF-58B2-4AF3-88F9-58EEF81D6571}.Release|x64.ActiveCfg = Release|Any CPU
		{19CEE9CF-58B2-4AF3-88F9-58EEF81D6571}.Release|x64.Build.0 = Release|Any CPU
		{19CEE9CF-58B2-4AF3-88F9-58EEF81D6571}.Release|x86.ActiveCfg = Release|Any CPU
		{19CEE9CF-58B2-4AF3-88F9-58EEF81D6571}.Release|x86.Build.0 = Release|Any CPU
		{7E96E342-C1DC-4DF2-B775-2CDD532402FA}.Debug|Any CPU.ActiveCfg = Debug|Any CPU
		{7E96E342-C1DC-4DF2-B775-2CDD532402FA}.Debug|Any CPU.Build.0 = Debug|Any CPU
		{7E96E342-C1DC-4DF2-B775-2CDD532402FA}.Debug|x64.ActiveCfg = Debug|Any CPU
		{7E96E342-C1DC-4DF2-B775-2CDD532402FA}.Debug|x64.Build.0 = Debug|Any CPU
		{7E96E342-C1DC-4DF2-B775-2CDD532402FA}.Debug|x86.ActiveCfg = Debug|Any CPU
		{7E96E342-C1DC-4DF2-B775-2CDD532402FA}.Debug|x86.Build.0 = Debug|Any CPU
		{7E96E342-C1DC-4DF2-B775-2CDD532402FA}.Release|Any CPU.ActiveCfg = Release|Any CPU
		{7E96E342-C1DC-4DF2-B775-2CDD532402FA}.Release|Any CPU.Build.0 = Release|Any CPU
		{7E96E342-C1DC-4DF2-B775-2CDD532402FA}.Release|x64.ActiveCfg = Release|Any CPU
		{7E96E342-C1DC-4DF2-B775-2CDD532402FA}.Release|x64.Build.0 = Release|Any CPU
		{7E96E342-C1DC-4DF2-B775-2CDD532402FA}.Release|x86.ActiveCfg = Release|Any CPU
		{7E96E342-C1DC-4DF2-B775-2CDD532402FA}.Release|x86.Build.0 = Release|Any CPU
		{9C1C6607-7F2E-4F28-8629-2552D3BBFB38}.Debug|Any CPU.ActiveCfg = Debug|Any CPU
		{9C1C6607-7F2E-4F28-8629-2552D3BBFB38}.Debug|Any CPU.Build.0 = Debug|Any CPU
		{9C1C6607-7F2E-4F28-8629-2552D3BBFB38}.Debug|x64.ActiveCfg = Debug|Any CPU
		{9C1C6607-7F2E-4F28-8629-2552D3BBFB38}.Debug|x64.Build.0 = Debug|Any CPU
		{9C1C6607-7F2E-4F28-8629-2552D3BBFB38}.Debug|x86.ActiveCfg = Debug|Any CPU
		{9C1C6607-7F2E-4F28-8629-2552D3BBFB38}.Debug|x86.Build.0 = Debug|Any CPU
		{9C1C6607-7F2E-4F28-8629-2552D3BBFB38}.Release|Any CPU.ActiveCfg = Release|Any CPU
		{9C1C6607-7F2E-4F28-8629-2552D3BBFB38}.Release|Any CPU.Build.0 = Release|Any CPU
		{9C1C6607-7F2E-4F28-8629-2552D3BBFB38}.Release|x64.ActiveCfg = Release|Any CPU
		{9C1C6607-7F2E-4F28-8629-2552D3BBFB38}.Release|x64.Build.0 = Release|Any CPU
		{9C1C6607-7F2E-4F28-8629-2552D3BBFB38}.Release|x86.ActiveCfg = Release|Any CPU
		{9C1C6607-7F2E-4F28-8629-2552D3BBFB38}.Release|x86.Build.0 = Release|Any CPU
		{3287B9E9-D2D1-4D76-82ED-D8D9B80E75A2}.Debug|Any CPU.ActiveCfg = Debug|Any CPU
		{3287B9E9-D2D1-4D76-82ED-D8D9B80E75A2}.Debug|Any CPU.Build.0 = Debug|Any CPU
		{3287B9E9-D2D1-4D76-82ED-D8D9B80E75A2}.Debug|x64.ActiveCfg = Debug|Any CPU
		{3287B9E9-D2D1-4D76-82ED-D8D9B80E75A2}.Debug|x64.Build.0 = Debug|Any CPU
		{3287B9E9-D2D1-4D76-82ED-D8D9B80E75A2}.Debug|x86.ActiveCfg = Debug|Any CPU
		{3287B9E9-D2D1-4D76-82ED-D8D9B80E75A2}.Debug|x86.Build.0 = Debug|Any CPU
		{3287B9E9-D2D1-4D76-82ED-D8D9B80E75A2}.Release|Any CPU.ActiveCfg = Release|Any CPU
		{3287B9E9-D2D1-4D76-82ED-D8D9B80E75A2}.Release|Any CPU.Build.0 = Release|Any CPU
		{3287B9E9-D2D1-4D76-82ED-D8D9B80E75A2}.Release|x64.ActiveCfg = Release|Any CPU
		{3287B9E9-D2D1-4D76-82ED-D8D9B80E75A2}.Release|x64.Build.0 = Release|Any CPU
		{3287B9E9-D2D1-4D76-82ED-D8D9B80E75A2}.Release|x86.ActiveCfg = Release|Any CPU
		{3287B9E9-D2D1-4D76-82ED-D8D9B80E75A2}.Release|x86.Build.0 = Release|Any CPU
		{34B39498-66BC-45A3-8502-44F15D28D670}.Debug|Any CPU.ActiveCfg = Debug|Any CPU
		{34B39498-66BC-45A3-8502-44F15D28D670}.Debug|Any CPU.Build.0 = Debug|Any CPU
		{34B39498-66BC-45A3-8502-44F15D28D670}.Debug|x64.ActiveCfg = Debug|Any CPU
		{34B39498-66BC-45A3-8502-44F15D28D670}.Debug|x64.Build.0 = Debug|Any CPU
		{34B39498-66BC-45A3-8502-44F15D28D670}.Debug|x86.ActiveCfg = Debug|Any CPU
		{34B39498-66BC-45A3-8502-44F15D28D670}.Debug|x86.Build.0 = Debug|Any CPU
		{34B39498-66BC-45A3-8502-44F15D28D670}.Release|Any CPU.ActiveCfg = Release|Any CPU
		{34B39498-66BC-45A3-8502-44F15D28D670}.Release|Any CPU.Build.0 = Release|Any CPU
		{34B39498-66BC-45A3-8502-44F15D28D670}.Release|x64.ActiveCfg = Release|Any CPU
		{34B39498-66BC-45A3-8502-44F15D28D670}.Release|x64.Build.0 = Release|Any CPU
		{34B39498-66BC-45A3-8502-44F15D28D670}.Release|x86.ActiveCfg = Release|Any CPU
		{34B39498-66BC-45A3-8502-44F15D28D670}.Release|x86.Build.0 = Release|Any CPU
		{8B7888A3-A402-4D7C-82BB-E1A2494C023D}.Debug|Any CPU.ActiveCfg = Debug|Any CPU
		{8B7888A3-A402-4D7C-82BB-E1A2494C023D}.Debug|Any CPU.Build.0 = Debug|Any CPU
		{8B7888A3-A402-4D7C-82BB-E1A2494C023D}.Debug|x64.ActiveCfg = Debug|Any CPU
		{8B7888A3-A402-4D7C-82BB-E1A2494C023D}.Debug|x64.Build.0 = Debug|Any CPU
		{8B7888A3-A402-4D7C-82BB-E1A2494C023D}.Debug|x86.ActiveCfg = Debug|Any CPU
		{8B7888A3-A402-4D7C-82BB-E1A2494C023D}.Debug|x86.Build.0 = Debug|Any CPU
		{8B7888A3-A402-4D7C-82BB-E1A2494C023D}.Release|Any CPU.ActiveCfg = Release|Any CPU
		{8B7888A3-A402-4D7C-82BB-E1A2494C023D}.Release|Any CPU.Build.0 = Release|Any CPU
		{8B7888A3-A402-4D7C-82BB-E1A2494C023D}.Release|x64.ActiveCfg = Release|Any CPU
		{8B7888A3-A402-4D7C-82BB-E1A2494C023D}.Release|x64.Build.0 = Release|Any CPU
		{8B7888A3-A402-4D7C-82BB-E1A2494C023D}.Release|x86.ActiveCfg = Release|Any CPU
		{8B7888A3-A402-4D7C-82BB-E1A2494C023D}.Release|x86.Build.0 = Release|Any CPU
		{F70F3C62-7504-4526-BC16-3344BA753C09}.Debug|Any CPU.ActiveCfg = Debug|Any CPU
		{F70F3C62-7504-4526-BC16-3344BA753C09}.Debug|Any CPU.Build.0 = Debug|Any CPU
		{F70F3C62-7504-4526-BC16-3344BA753C09}.Debug|x64.ActiveCfg = Debug|Any CPU
		{F70F3C62-7504-4526-BC16-3344BA753C09}.Debug|x64.Build.0 = Debug|Any CPU
		{F70F3C62-7504-4526-BC16-3344BA753C09}.Debug|x86.ActiveCfg = Debug|Any CPU
		{F70F3C62-7504-4526-BC16-3344BA753C09}.Debug|x86.Build.0 = Debug|Any CPU
		{F70F3C62-7504-4526-BC16-3344BA753C09}.Release|Any CPU.ActiveCfg = Release|Any CPU
		{F70F3C62-7504-4526-BC16-3344BA753C09}.Release|Any CPU.Build.0 = Release|Any CPU
		{F70F3C62-7504-4526-BC16-3344BA753C09}.Release|x64.ActiveCfg = Release|Any CPU
		{F70F3C62-7504-4526-BC16-3344BA753C09}.Release|x64.Build.0 = Release|Any CPU
		{F70F3C62-7504-4526-BC16-3344BA753C09}.Release|x86.ActiveCfg = Release|Any CPU
		{F70F3C62-7504-4526-BC16-3344BA753C09}.Release|x86.Build.0 = Release|Any CPU
		{78079640-832D-4593-B86A-6D2D537C5824}.Debug|Any CPU.ActiveCfg = Debug|Any CPU
		{78079640-832D-4593-B86A-6D2D537C5824}.Debug|Any CPU.Build.0 = Debug|Any CPU
		{78079640-832D-4593-B86A-6D2D537C5824}.Debug|x64.ActiveCfg = Debug|Any CPU
		{78079640-832D-4593-B86A-6D2D537C5824}.Debug|x64.Build.0 = Debug|Any CPU
		{78079640-832D-4593-B86A-6D2D537C5824}.Debug|x86.ActiveCfg = Debug|Any CPU
		{78079640-832D-4593-B86A-6D2D537C5824}.Debug|x86.Build.0 = Debug|Any CPU
		{78079640-832D-4593-B86A-6D2D537C5824}.Release|Any CPU.ActiveCfg = Release|Any CPU
		{78079640-832D-4593-B86A-6D2D537C5824}.Release|Any CPU.Build.0 = Release|Any CPU
		{78079640-832D-4593-B86A-6D2D537C5824}.Release|x64.ActiveCfg = Release|Any CPU
		{78079640-832D-4593-B86A-6D2D537C5824}.Release|x64.Build.0 = Release|Any CPU
		{78079640-832D-4593-B86A-6D2D537C5824}.Release|x86.ActiveCfg = Release|Any CPU
		{78079640-832D-4593-B86A-6D2D537C5824}.Release|x86.Build.0 = Release|Any CPU
		{D20D50B0-DC99-4A88-95D4-494367737DE7}.Debug|Any CPU.ActiveCfg = Debug|Any CPU
		{D20D50B0-DC99-4A88-95D4-494367737DE7}.Debug|Any CPU.Build.0 = Debug|Any CPU
		{D20D50B0-DC99-4A88-95D4-494367737DE7}.Debug|x64.ActiveCfg = Debug|Any CPU
		{D20D50B0-DC99-4A88-95D4-494367737DE7}.Debug|x64.Build.0 = Debug|Any CPU
		{D20D50B0-DC99-4A88-95D4-494367737DE7}.Debug|x86.ActiveCfg = Debug|Any CPU
		{D20D50B0-DC99-4A88-95D4-494367737DE7}.Debug|x86.Build.0 = Debug|Any CPU
		{D20D50B0-DC99-4A88-95D4-494367737DE7}.Release|Any CPU.ActiveCfg = Release|Any CPU
		{D20D50B0-DC99-4A88-95D4-494367737DE7}.Release|Any CPU.Build.0 = Release|Any CPU
		{D20D50B0-DC99-4A88-95D4-494367737DE7}.Release|x64.ActiveCfg = Release|Any CPU
		{D20D50B0-DC99-4A88-95D4-494367737DE7}.Release|x64.Build.0 = Release|Any CPU
		{D20D50B0-DC99-4A88-95D4-494367737DE7}.Release|x86.ActiveCfg = Release|Any CPU
		{D20D50B0-DC99-4A88-95D4-494367737DE7}.Release|x86.Build.0 = Release|Any CPU
		{143B1316-91D4-471B-AED1-FFCD344281CD}.Debug|Any CPU.ActiveCfg = Debug|Any CPU
		{143B1316-91D4-471B-AED1-FFCD344281CD}.Debug|Any CPU.Build.0 = Debug|Any CPU
		{143B1316-91D4-471B-AED1-FFCD344281CD}.Debug|x64.ActiveCfg = Debug|Any CPU
		{143B1316-91D4-471B-AED1-FFCD344281CD}.Debug|x64.Build.0 = Debug|Any CPU
		{143B1316-91D4-471B-AED1-FFCD344281CD}.Debug|x86.ActiveCfg = Debug|Any CPU
		{143B1316-91D4-471B-AED1-FFCD344281CD}.Debug|x86.Build.0 = Debug|Any CPU
		{143B1316-91D4-471B-AED1-FFCD344281CD}.Release|Any CPU.ActiveCfg = Release|Any CPU
		{143B1316-91D4-471B-AED1-FFCD344281CD}.Release|Any CPU.Build.0 = Release|Any CPU
		{143B1316-91D4-471B-AED1-FFCD344281CD}.Release|x64.ActiveCfg = Release|Any CPU
		{143B1316-91D4-471B-AED1-FFCD344281CD}.Release|x64.Build.0 = Release|Any CPU
		{143B1316-91D4-471B-AED1-FFCD344281CD}.Release|x86.ActiveCfg = Release|Any CPU
		{143B1316-91D4-471B-AED1-FFCD344281CD}.Release|x86.Build.0 = Release|Any CPU
		{77C26037-9C50-4E3F-9DCA-8E7145F595BD}.Debug|Any CPU.ActiveCfg = Debug|Any CPU
		{77C26037-9C50-4E3F-9DCA-8E7145F595BD}.Debug|Any CPU.Build.0 = Debug|Any CPU
		{77C26037-9C50-4E3F-9DCA-8E7145F595BD}.Debug|x64.ActiveCfg = Debug|Any CPU
		{77C26037-9C50-4E3F-9DCA-8E7145F595BD}.Debug|x64.Build.0 = Debug|Any CPU
		{77C26037-9C50-4E3F-9DCA-8E7145F595BD}.Debug|x86.ActiveCfg = Debug|Any CPU
		{77C26037-9C50-4E3F-9DCA-8E7145F595BD}.Debug|x86.Build.0 = Debug|Any CPU
		{77C26037-9C50-4E3F-9DCA-8E7145F595BD}.Release|Any CPU.ActiveCfg = Release|Any CPU
		{77C26037-9C50-4E3F-9DCA-8E7145F595BD}.Release|Any CPU.Build.0 = Release|Any CPU
		{77C26037-9C50-4E3F-9DCA-8E7145F595BD}.Release|x64.ActiveCfg = Release|Any CPU
		{77C26037-9C50-4E3F-9DCA-8E7145F595BD}.Release|x64.Build.0 = Release|Any CPU
		{77C26037-9C50-4E3F-9DCA-8E7145F595BD}.Release|x86.ActiveCfg = Release|Any CPU
		{77C26037-9C50-4E3F-9DCA-8E7145F595BD}.Release|x86.Build.0 = Release|Any CPU
		{C7D0549E-D1B9-4FFA-AAFE-3B75B3419DEA}.Debug|Any CPU.ActiveCfg = Debug|Any CPU
		{C7D0549E-D1B9-4FFA-AAFE-3B75B3419DEA}.Debug|Any CPU.Build.0 = Debug|Any CPU
		{C7D0549E-D1B9-4FFA-AAFE-3B75B3419DEA}.Debug|x64.ActiveCfg = Debug|Any CPU
		{C7D0549E-D1B9-4FFA-AAFE-3B75B3419DEA}.Debug|x64.Build.0 = Debug|Any CPU
		{C7D0549E-D1B9-4FFA-AAFE-3B75B3419DEA}.Debug|x86.ActiveCfg = Debug|Any CPU
		{C7D0549E-D1B9-4FFA-AAFE-3B75B3419DEA}.Debug|x86.Build.0 = Debug|Any CPU
		{C7D0549E-D1B9-4FFA-AAFE-3B75B3419DEA}.Release|Any CPU.ActiveCfg = Release|Any CPU
		{C7D0549E-D1B9-4FFA-AAFE-3B75B3419DEA}.Release|Any CPU.Build.0 = Release|Any CPU
		{C7D0549E-D1B9-4FFA-AAFE-3B75B3419DEA}.Release|x64.ActiveCfg = Release|Any CPU
		{C7D0549E-D1B9-4FFA-AAFE-3B75B3419DEA}.Release|x64.Build.0 = Release|Any CPU
		{C7D0549E-D1B9-4FFA-AAFE-3B75B3419DEA}.Release|x86.ActiveCfg = Release|Any CPU
		{C7D0549E-D1B9-4FFA-AAFE-3B75B3419DEA}.Release|x86.Build.0 = Release|Any CPU
		{C8A05842-CAF4-49E0-86B9-FEBD69B47627}.Debug|Any CPU.ActiveCfg = Debug|Any CPU
		{C8A05842-CAF4-49E0-86B9-FEBD69B47627}.Debug|Any CPU.Build.0 = Debug|Any CPU
		{C8A05842-CAF4-49E0-86B9-FEBD69B47627}.Debug|x64.ActiveCfg = Debug|Any CPU
		{C8A05842-CAF4-49E0-86B9-FEBD69B47627}.Debug|x64.Build.0 = Debug|Any CPU
		{C8A05842-CAF4-49E0-86B9-FEBD69B47627}.Debug|x86.ActiveCfg = Debug|Any CPU
		{C8A05842-CAF4-49E0-86B9-FEBD69B47627}.Debug|x86.Build.0 = Debug|Any CPU
		{C8A05842-CAF4-49E0-86B9-FEBD69B47627}.Release|Any CPU.ActiveCfg = Release|Any CPU
		{C8A05842-CAF4-49E0-86B9-FEBD69B47627}.Release|Any CPU.Build.0 = Release|Any CPU
		{C8A05842-CAF4-49E0-86B9-FEBD69B47627}.Release|x64.ActiveCfg = Release|Any CPU
		{C8A05842-CAF4-49E0-86B9-FEBD69B47627}.Release|x64.Build.0 = Release|Any CPU
		{C8A05842-CAF4-49E0-86B9-FEBD69B47627}.Release|x86.ActiveCfg = Release|Any CPU
		{C8A05842-CAF4-49E0-86B9-FEBD69B47627}.Release|x86.Build.0 = Release|Any CPU
		{28ABF583-643F-488C-B5FC-B285E41ED342}.Debug|Any CPU.ActiveCfg = Debug|Any CPU
		{28ABF583-643F-488C-B5FC-B285E41ED342}.Debug|Any CPU.Build.0 = Debug|Any CPU
		{28ABF583-643F-488C-B5FC-B285E41ED342}.Debug|x64.ActiveCfg = Debug|Any CPU
		{28ABF583-643F-488C-B5FC-B285E41ED342}.Debug|x64.Build.0 = Debug|Any CPU
		{28ABF583-643F-488C-B5FC-B285E41ED342}.Debug|x86.ActiveCfg = Debug|Any CPU
		{28ABF583-643F-488C-B5FC-B285E41ED342}.Debug|x86.Build.0 = Debug|Any CPU
		{28ABF583-643F-488C-B5FC-B285E41ED342}.Release|Any CPU.ActiveCfg = Release|Any CPU
		{28ABF583-643F-488C-B5FC-B285E41ED342}.Release|Any CPU.Build.0 = Release|Any CPU
		{28ABF583-643F-488C-B5FC-B285E41ED342}.Release|x64.ActiveCfg = Release|Any CPU
		{28ABF583-643F-488C-B5FC-B285E41ED342}.Release|x64.Build.0 = Release|Any CPU
		{28ABF583-643F-488C-B5FC-B285E41ED342}.Release|x86.ActiveCfg = Release|Any CPU
		{28ABF583-643F-488C-B5FC-B285E41ED342}.Release|x86.Build.0 = Release|Any CPU
		{8F8A07C3-7C4E-49D2-9997-0836F51F44AC}.Debug|Any CPU.ActiveCfg = Debug|Any CPU
		{8F8A07C3-7C4E-49D2-9997-0836F51F44AC}.Debug|Any CPU.Build.0 = Debug|Any CPU
		{8F8A07C3-7C4E-49D2-9997-0836F51F44AC}.Debug|x64.ActiveCfg = Debug|Any CPU
		{8F8A07C3-7C4E-49D2-9997-0836F51F44AC}.Debug|x64.Build.0 = Debug|Any CPU
		{8F8A07C3-7C4E-49D2-9997-0836F51F44AC}.Debug|x86.ActiveCfg = Debug|Any CPU
		{8F8A07C3-7C4E-49D2-9997-0836F51F44AC}.Debug|x86.Build.0 = Debug|Any CPU
		{8F8A07C3-7C4E-49D2-9997-0836F51F44AC}.Release|Any CPU.ActiveCfg = Release|Any CPU
		{8F8A07C3-7C4E-49D2-9997-0836F51F44AC}.Release|Any CPU.Build.0 = Release|Any CPU
		{8F8A07C3-7C4E-49D2-9997-0836F51F44AC}.Release|x64.ActiveCfg = Release|Any CPU
		{8F8A07C3-7C4E-49D2-9997-0836F51F44AC}.Release|x64.Build.0 = Release|Any CPU
		{8F8A07C3-7C4E-49D2-9997-0836F51F44AC}.Release|x86.ActiveCfg = Release|Any CPU
		{8F8A07C3-7C4E-49D2-9997-0836F51F44AC}.Release|x86.Build.0 = Release|Any CPU
		{DC6BA170-806F-4D6E-9165-401DE852E304}.Debug|Any CPU.ActiveCfg = Debug|Any CPU
		{DC6BA170-806F-4D6E-9165-401DE852E304}.Debug|Any CPU.Build.0 = Debug|Any CPU
		{DC6BA170-806F-4D6E-9165-401DE852E304}.Debug|x64.ActiveCfg = Debug|Any CPU
		{DC6BA170-806F-4D6E-9165-401DE852E304}.Debug|x64.Build.0 = Debug|Any CPU
		{DC6BA170-806F-4D6E-9165-401DE852E304}.Debug|x86.ActiveCfg = Debug|Any CPU
		{DC6BA170-806F-4D6E-9165-401DE852E304}.Debug|x86.Build.0 = Debug|Any CPU
		{DC6BA170-806F-4D6E-9165-401DE852E304}.Release|Any CPU.ActiveCfg = Release|Any CPU
		{DC6BA170-806F-4D6E-9165-401DE852E304}.Release|Any CPU.Build.0 = Release|Any CPU
		{DC6BA170-806F-4D6E-9165-401DE852E304}.Release|x64.ActiveCfg = Release|Any CPU
		{DC6BA170-806F-4D6E-9165-401DE852E304}.Release|x64.Build.0 = Release|Any CPU
		{DC6BA170-806F-4D6E-9165-401DE852E304}.Release|x86.ActiveCfg = Release|Any CPU
		{DC6BA170-806F-4D6E-9165-401DE852E304}.Release|x86.Build.0 = Release|Any CPU
		{69082050-9353-4CA3-B29A-05F37CE1D1F0}.Debug|Any CPU.ActiveCfg = Debug|Any CPU
		{69082050-9353-4CA3-B29A-05F37CE1D1F0}.Debug|Any CPU.Build.0 = Debug|Any CPU
		{69082050-9353-4CA3-B29A-05F37CE1D1F0}.Debug|x64.ActiveCfg = Debug|Any CPU
		{69082050-9353-4CA3-B29A-05F37CE1D1F0}.Debug|x64.Build.0 = Debug|Any CPU
		{69082050-9353-4CA3-B29A-05F37CE1D1F0}.Debug|x86.ActiveCfg = Debug|Any CPU
		{69082050-9353-4CA3-B29A-05F37CE1D1F0}.Debug|x86.Build.0 = Debug|Any CPU
		{69082050-9353-4CA3-B29A-05F37CE1D1F0}.Release|Any CPU.ActiveCfg = Release|Any CPU
		{69082050-9353-4CA3-B29A-05F37CE1D1F0}.Release|Any CPU.Build.0 = Release|Any CPU
		{69082050-9353-4CA3-B29A-05F37CE1D1F0}.Release|x64.ActiveCfg = Release|Any CPU
		{69082050-9353-4CA3-B29A-05F37CE1D1F0}.Release|x64.Build.0 = Release|Any CPU
		{69082050-9353-4CA3-B29A-05F37CE1D1F0}.Release|x86.ActiveCfg = Release|Any CPU
		{69082050-9353-4CA3-B29A-05F37CE1D1F0}.Release|x86.Build.0 = Release|Any CPU
		{2663C0AF-3839-4483-A1B6-83CD1F7CD4C4}.Debug|Any CPU.ActiveCfg = Debug|Any CPU
		{2663C0AF-3839-4483-A1B6-83CD1F7CD4C4}.Debug|Any CPU.Build.0 = Debug|Any CPU
		{2663C0AF-3839-4483-A1B6-83CD1F7CD4C4}.Debug|x64.ActiveCfg = Debug|Any CPU
		{2663C0AF-3839-4483-A1B6-83CD1F7CD4C4}.Debug|x64.Build.0 = Debug|Any CPU
		{2663C0AF-3839-4483-A1B6-83CD1F7CD4C4}.Debug|x86.ActiveCfg = Debug|Any CPU
		{2663C0AF-3839-4483-A1B6-83CD1F7CD4C4}.Debug|x86.Build.0 = Debug|Any CPU
		{2663C0AF-3839-4483-A1B6-83CD1F7CD4C4}.Release|Any CPU.ActiveCfg = Release|Any CPU
		{2663C0AF-3839-4483-A1B6-83CD1F7CD4C4}.Release|Any CPU.Build.0 = Release|Any CPU
		{2663C0AF-3839-4483-A1B6-83CD1F7CD4C4}.Release|x64.ActiveCfg = Release|Any CPU
		{2663C0AF-3839-4483-A1B6-83CD1F7CD4C4}.Release|x64.Build.0 = Release|Any CPU
		{2663C0AF-3839-4483-A1B6-83CD1F7CD4C4}.Release|x86.ActiveCfg = Release|Any CPU
		{2663C0AF-3839-4483-A1B6-83CD1F7CD4C4}.Release|x86.Build.0 = Release|Any CPU
		{932E830B-6E94-470F-BC56-01BA3E0DD066}.Debug|Any CPU.ActiveCfg = Debug|Any CPU
		{932E830B-6E94-470F-BC56-01BA3E0DD066}.Debug|Any CPU.Build.0 = Debug|Any CPU
		{932E830B-6E94-470F-BC56-01BA3E0DD066}.Debug|x64.ActiveCfg = Debug|Any CPU
		{932E830B-6E94-470F-BC56-01BA3E0DD066}.Debug|x64.Build.0 = Debug|Any CPU
		{932E830B-6E94-470F-BC56-01BA3E0DD066}.Debug|x86.ActiveCfg = Debug|Any CPU
		{932E830B-6E94-470F-BC56-01BA3E0DD066}.Debug|x86.Build.0 = Debug|Any CPU
		{932E830B-6E94-470F-BC56-01BA3E0DD066}.Release|Any CPU.ActiveCfg = Release|Any CPU
		{932E830B-6E94-470F-BC56-01BA3E0DD066}.Release|Any CPU.Build.0 = Release|Any CPU
		{932E830B-6E94-470F-BC56-01BA3E0DD066}.Release|x64.ActiveCfg = Release|Any CPU
		{932E830B-6E94-470F-BC56-01BA3E0DD066}.Release|x64.Build.0 = Release|Any CPU
		{932E830B-6E94-470F-BC56-01BA3E0DD066}.Release|x86.ActiveCfg = Release|Any CPU
		{932E830B-6E94-470F-BC56-01BA3E0DD066}.Release|x86.Build.0 = Release|Any CPU
		{E388EF83-7406-4679-80D4-4213B5D858C7}.Debug|Any CPU.ActiveCfg = Debug|Any CPU
		{E388EF83-7406-4679-80D4-4213B5D858C7}.Debug|Any CPU.Build.0 = Debug|Any CPU
		{E388EF83-7406-4679-80D4-4213B5D858C7}.Debug|x64.ActiveCfg = Debug|Any CPU
		{E388EF83-7406-4679-80D4-4213B5D858C7}.Debug|x64.Build.0 = Debug|Any CPU
		{E388EF83-7406-4679-80D4-4213B5D858C7}.Debug|x86.ActiveCfg = Debug|Any CPU
		{E388EF83-7406-4679-80D4-4213B5D858C7}.Debug|x86.Build.0 = Debug|Any CPU
		{E388EF83-7406-4679-80D4-4213B5D858C7}.Release|Any CPU.ActiveCfg = Release|Any CPU
		{E388EF83-7406-4679-80D4-4213B5D858C7}.Release|Any CPU.Build.0 = Release|Any CPU
		{E388EF83-7406-4679-80D4-4213B5D858C7}.Release|x64.ActiveCfg = Release|Any CPU
		{E388EF83-7406-4679-80D4-4213B5D858C7}.Release|x64.Build.0 = Release|Any CPU
		{E388EF83-7406-4679-80D4-4213B5D858C7}.Release|x86.ActiveCfg = Release|Any CPU
		{E388EF83-7406-4679-80D4-4213B5D858C7}.Release|x86.Build.0 = Release|Any CPU
		{E689F881-DAB5-403E-97D2-161056929844}.Debug|Any CPU.ActiveCfg = Debug|Any CPU
		{E689F881-DAB5-403E-97D2-161056929844}.Debug|Any CPU.Build.0 = Debug|Any CPU
		{E689F881-DAB5-403E-97D2-161056929844}.Debug|x64.ActiveCfg = Debug|Any CPU
		{E689F881-DAB5-403E-97D2-161056929844}.Debug|x64.Build.0 = Debug|Any CPU
		{E689F881-DAB5-403E-97D2-161056929844}.Debug|x86.ActiveCfg = Debug|Any CPU
		{E689F881-DAB5-403E-97D2-161056929844}.Debug|x86.Build.0 = Debug|Any CPU
		{E689F881-DAB5-403E-97D2-161056929844}.Release|Any CPU.ActiveCfg = Release|Any CPU
		{E689F881-DAB5-403E-97D2-161056929844}.Release|Any CPU.Build.0 = Release|Any CPU
		{E689F881-DAB5-403E-97D2-161056929844}.Release|x64.ActiveCfg = Release|Any CPU
		{E689F881-DAB5-403E-97D2-161056929844}.Release|x64.Build.0 = Release|Any CPU
		{E689F881-DAB5-403E-97D2-161056929844}.Release|x86.ActiveCfg = Release|Any CPU
		{E689F881-DAB5-403E-97D2-161056929844}.Release|x86.Build.0 = Release|Any CPU
		{1DC3C68D-5E5E-4488-8A44-1DE27CC7D9D2}.Debug|Any CPU.ActiveCfg = Debug|Any CPU
		{1DC3C68D-5E5E-4488-8A44-1DE27CC7D9D2}.Debug|Any CPU.Build.0 = Debug|Any CPU
		{1DC3C68D-5E5E-4488-8A44-1DE27CC7D9D2}.Debug|x64.ActiveCfg = Debug|Any CPU
		{1DC3C68D-5E5E-4488-8A44-1DE27CC7D9D2}.Debug|x64.Build.0 = Debug|Any CPU
		{1DC3C68D-5E5E-4488-8A44-1DE27CC7D9D2}.Debug|x86.ActiveCfg = Debug|Any CPU
		{1DC3C68D-5E5E-4488-8A44-1DE27CC7D9D2}.Debug|x86.Build.0 = Debug|Any CPU
		{1DC3C68D-5E5E-4488-8A44-1DE27CC7D9D2}.Release|Any CPU.ActiveCfg = Release|Any CPU
		{1DC3C68D-5E5E-4488-8A44-1DE27CC7D9D2}.Release|Any CPU.Build.0 = Release|Any CPU
		{1DC3C68D-5E5E-4488-8A44-1DE27CC7D9D2}.Release|x64.ActiveCfg = Release|Any CPU
		{1DC3C68D-5E5E-4488-8A44-1DE27CC7D9D2}.Release|x64.Build.0 = Release|Any CPU
		{1DC3C68D-5E5E-4488-8A44-1DE27CC7D9D2}.Release|x86.ActiveCfg = Release|Any CPU
		{1DC3C68D-5E5E-4488-8A44-1DE27CC7D9D2}.Release|x86.Build.0 = Release|Any CPU
		{EC7D87C5-1841-4F2A-BC46-0FE869839907}.Debug|Any CPU.ActiveCfg = Debug|Any CPU
		{EC7D87C5-1841-4F2A-BC46-0FE869839907}.Debug|Any CPU.Build.0 = Debug|Any CPU
		{EC7D87C5-1841-4F2A-BC46-0FE869839907}.Debug|x64.ActiveCfg = Debug|Any CPU
		{EC7D87C5-1841-4F2A-BC46-0FE869839907}.Debug|x64.Build.0 = Debug|Any CPU
		{EC7D87C5-1841-4F2A-BC46-0FE869839907}.Debug|x86.ActiveCfg = Debug|Any CPU
		{EC7D87C5-1841-4F2A-BC46-0FE869839907}.Debug|x86.Build.0 = Debug|Any CPU
		{EC7D87C5-1841-4F2A-BC46-0FE869839907}.Release|Any CPU.ActiveCfg = Release|Any CPU
		{EC7D87C5-1841-4F2A-BC46-0FE869839907}.Release|Any CPU.Build.0 = Release|Any CPU
		{EC7D87C5-1841-4F2A-BC46-0FE869839907}.Release|x64.ActiveCfg = Release|Any CPU
		{EC7D87C5-1841-4F2A-BC46-0FE869839907}.Release|x64.Build.0 = Release|Any CPU
		{EC7D87C5-1841-4F2A-BC46-0FE869839907}.Release|x86.ActiveCfg = Release|Any CPU
		{EC7D87C5-1841-4F2A-BC46-0FE869839907}.Release|x86.Build.0 = Release|Any CPU
		{30E6C59F-AB70-4D02-8AEE-F6A10181D5CC}.Debug|Any CPU.ActiveCfg = Debug|Any CPU
		{30E6C59F-AB70-4D02-8AEE-F6A10181D5CC}.Debug|Any CPU.Build.0 = Debug|Any CPU
		{30E6C59F-AB70-4D02-8AEE-F6A10181D5CC}.Debug|x64.ActiveCfg = Debug|Any CPU
		{30E6C59F-AB70-4D02-8AEE-F6A10181D5CC}.Debug|x64.Build.0 = Debug|Any CPU
		{30E6C59F-AB70-4D02-8AEE-F6A10181D5CC}.Debug|x86.ActiveCfg = Debug|Any CPU
		{30E6C59F-AB70-4D02-8AEE-F6A10181D5CC}.Debug|x86.Build.0 = Debug|Any CPU
		{30E6C59F-AB70-4D02-8AEE-F6A10181D5CC}.Release|Any CPU.ActiveCfg = Release|Any CPU
		{30E6C59F-AB70-4D02-8AEE-F6A10181D5CC}.Release|Any CPU.Build.0 = Release|Any CPU
		{30E6C59F-AB70-4D02-8AEE-F6A10181D5CC}.Release|x64.ActiveCfg = Release|Any CPU
		{30E6C59F-AB70-4D02-8AEE-F6A10181D5CC}.Release|x64.Build.0 = Release|Any CPU
		{30E6C59F-AB70-4D02-8AEE-F6A10181D5CC}.Release|x86.ActiveCfg = Release|Any CPU
		{30E6C59F-AB70-4D02-8AEE-F6A10181D5CC}.Release|x86.Build.0 = Release|Any CPU
		{BE9E6BCE-C30F-47EF-AEE9-37F502DE4F5C}.Debug|Any CPU.ActiveCfg = Debug|Any CPU
		{BE9E6BCE-C30F-47EF-AEE9-37F502DE4F5C}.Debug|Any CPU.Build.0 = Debug|Any CPU
		{BE9E6BCE-C30F-47EF-AEE9-37F502DE4F5C}.Debug|x64.ActiveCfg = Debug|Any CPU
		{BE9E6BCE-C30F-47EF-AEE9-37F502DE4F5C}.Debug|x64.Build.0 = Debug|Any CPU
		{BE9E6BCE-C30F-47EF-AEE9-37F502DE4F5C}.Debug|x86.ActiveCfg = Debug|Any CPU
		{BE9E6BCE-C30F-47EF-AEE9-37F502DE4F5C}.Debug|x86.Build.0 = Debug|Any CPU
		{BE9E6BCE-C30F-47EF-AEE9-37F502DE4F5C}.Release|Any CPU.ActiveCfg = Release|Any CPU
		{BE9E6BCE-C30F-47EF-AEE9-37F502DE4F5C}.Release|Any CPU.Build.0 = Release|Any CPU
		{BE9E6BCE-C30F-47EF-AEE9-37F502DE4F5C}.Release|x64.ActiveCfg = Release|Any CPU
		{BE9E6BCE-C30F-47EF-AEE9-37F502DE4F5C}.Release|x64.Build.0 = Release|Any CPU
		{BE9E6BCE-C30F-47EF-AEE9-37F502DE4F5C}.Release|x86.ActiveCfg = Release|Any CPU
		{BE9E6BCE-C30F-47EF-AEE9-37F502DE4F5C}.Release|x86.Build.0 = Release|Any CPU
		{5AF40800-BD35-4C94-8DA3-612257C18723}.Debug|Any CPU.ActiveCfg = Debug|Any CPU
		{5AF40800-BD35-4C94-8DA3-612257C18723}.Debug|Any CPU.Build.0 = Debug|Any CPU
		{5AF40800-BD35-4C94-8DA3-612257C18723}.Debug|x64.ActiveCfg = Debug|Any CPU
		{5AF40800-BD35-4C94-8DA3-612257C18723}.Debug|x64.Build.0 = Debug|Any CPU
		{5AF40800-BD35-4C94-8DA3-612257C18723}.Debug|x86.ActiveCfg = Debug|Any CPU
		{5AF40800-BD35-4C94-8DA3-612257C18723}.Debug|x86.Build.0 = Debug|Any CPU
		{5AF40800-BD35-4C94-8DA3-612257C18723}.Release|Any CPU.ActiveCfg = Release|Any CPU
		{5AF40800-BD35-4C94-8DA3-612257C18723}.Release|Any CPU.Build.0 = Release|Any CPU
		{5AF40800-BD35-4C94-8DA3-612257C18723}.Release|x64.ActiveCfg = Release|Any CPU
		{5AF40800-BD35-4C94-8DA3-612257C18723}.Release|x64.Build.0 = Release|Any CPU
		{5AF40800-BD35-4C94-8DA3-612257C18723}.Release|x86.ActiveCfg = Release|Any CPU
		{5AF40800-BD35-4C94-8DA3-612257C18723}.Release|x86.Build.0 = Release|Any CPU
		{8DC28D77-B855-4B1D-A34A-4F8B5786968E}.Debug|Any CPU.ActiveCfg = Debug|Any CPU
		{8DC28D77-B855-4B1D-A34A-4F8B5786968E}.Debug|Any CPU.Build.0 = Debug|Any CPU
		{8DC28D77-B855-4B1D-A34A-4F8B5786968E}.Debug|x64.ActiveCfg = Debug|Any CPU
		{8DC28D77-B855-4B1D-A34A-4F8B5786968E}.Debug|x64.Build.0 = Debug|Any CPU
		{8DC28D77-B855-4B1D-A34A-4F8B5786968E}.Debug|x86.ActiveCfg = Debug|Any CPU
		{8DC28D77-B855-4B1D-A34A-4F8B5786968E}.Debug|x86.Build.0 = Debug|Any CPU
		{8DC28D77-B855-4B1D-A34A-4F8B5786968E}.Release|Any CPU.ActiveCfg = Release|Any CPU
		{8DC28D77-B855-4B1D-A34A-4F8B5786968E}.Release|Any CPU.Build.0 = Release|Any CPU
		{8DC28D77-B855-4B1D-A34A-4F8B5786968E}.Release|x64.ActiveCfg = Release|Any CPU
		{8DC28D77-B855-4B1D-A34A-4F8B5786968E}.Release|x64.Build.0 = Release|Any CPU
		{8DC28D77-B855-4B1D-A34A-4F8B5786968E}.Release|x86.ActiveCfg = Release|Any CPU
		{8DC28D77-B855-4B1D-A34A-4F8B5786968E}.Release|x86.Build.0 = Release|Any CPU
		{5CD9E049-3AA4-43B0-B238-54C00747AF56}.Debug|Any CPU.ActiveCfg = Debug|Any CPU
		{5CD9E049-3AA4-43B0-B238-54C00747AF56}.Debug|Any CPU.Build.0 = Debug|Any CPU
		{5CD9E049-3AA4-43B0-B238-54C00747AF56}.Debug|x64.ActiveCfg = Debug|Any CPU
		{5CD9E049-3AA4-43B0-B238-54C00747AF56}.Debug|x64.Build.0 = Debug|Any CPU
		{5CD9E049-3AA4-43B0-B238-54C00747AF56}.Debug|x86.ActiveCfg = Debug|Any CPU
		{5CD9E049-3AA4-43B0-B238-54C00747AF56}.Debug|x86.Build.0 = Debug|Any CPU
		{5CD9E049-3AA4-43B0-B238-54C00747AF56}.Release|Any CPU.ActiveCfg = Release|Any CPU
		{5CD9E049-3AA4-43B0-B238-54C00747AF56}.Release|Any CPU.Build.0 = Release|Any CPU
		{5CD9E049-3AA4-43B0-B238-54C00747AF56}.Release|x64.ActiveCfg = Release|Any CPU
		{5CD9E049-3AA4-43B0-B238-54C00747AF56}.Release|x64.Build.0 = Release|Any CPU
		{5CD9E049-3AA4-43B0-B238-54C00747AF56}.Release|x86.ActiveCfg = Release|Any CPU
		{5CD9E049-3AA4-43B0-B238-54C00747AF56}.Release|x86.Build.0 = Release|Any CPU
		{D3CC712F-7533-43B8-AB3F-A79603EC1369}.Debug|Any CPU.ActiveCfg = Debug|Any CPU
		{D3CC712F-7533-43B8-AB3F-A79603EC1369}.Debug|Any CPU.Build.0 = Debug|Any CPU
		{D3CC712F-7533-43B8-AB3F-A79603EC1369}.Debug|x64.ActiveCfg = Debug|Any CPU
		{D3CC712F-7533-43B8-AB3F-A79603EC1369}.Debug|x64.Build.0 = Debug|Any CPU
		{D3CC712F-7533-43B8-AB3F-A79603EC1369}.Debug|x86.ActiveCfg = Debug|Any CPU
		{D3CC712F-7533-43B8-AB3F-A79603EC1369}.Debug|x86.Build.0 = Debug|Any CPU
		{D3CC712F-7533-43B8-AB3F-A79603EC1369}.Release|Any CPU.ActiveCfg = Release|Any CPU
		{D3CC712F-7533-43B8-AB3F-A79603EC1369}.Release|Any CPU.Build.0 = Release|Any CPU
		{D3CC712F-7533-43B8-AB3F-A79603EC1369}.Release|x64.ActiveCfg = Release|Any CPU
		{D3CC712F-7533-43B8-AB3F-A79603EC1369}.Release|x64.Build.0 = Release|Any CPU
		{D3CC712F-7533-43B8-AB3F-A79603EC1369}.Release|x86.ActiveCfg = Release|Any CPU
		{D3CC712F-7533-43B8-AB3F-A79603EC1369}.Release|x86.Build.0 = Release|Any CPU
		{DA379281-4664-4A46-A334-E31EBFC12638}.Debug|Any CPU.ActiveCfg = Debug|Any CPU
		{DA379281-4664-4A46-A334-E31EBFC12638}.Debug|Any CPU.Build.0 = Debug|Any CPU
		{DA379281-4664-4A46-A334-E31EBFC12638}.Debug|x64.ActiveCfg = Debug|Any CPU
		{DA379281-4664-4A46-A334-E31EBFC12638}.Debug|x64.Build.0 = Debug|Any CPU
		{DA379281-4664-4A46-A334-E31EBFC12638}.Debug|x86.ActiveCfg = Debug|Any CPU
		{DA379281-4664-4A46-A334-E31EBFC12638}.Debug|x86.Build.0 = Debug|Any CPU
		{DA379281-4664-4A46-A334-E31EBFC12638}.Release|Any CPU.ActiveCfg = Release|Any CPU
		{DA379281-4664-4A46-A334-E31EBFC12638}.Release|Any CPU.Build.0 = Release|Any CPU
		{DA379281-4664-4A46-A334-E31EBFC12638}.Release|x64.ActiveCfg = Release|Any CPU
		{DA379281-4664-4A46-A334-E31EBFC12638}.Release|x64.Build.0 = Release|Any CPU
		{DA379281-4664-4A46-A334-E31EBFC12638}.Release|x86.ActiveCfg = Release|Any CPU
		{DA379281-4664-4A46-A334-E31EBFC12638}.Release|x86.Build.0 = Release|Any CPU
		{6A31876C-E155-4FE3-B223-E456CAD3125C}.Debug|Any CPU.ActiveCfg = Debug|Any CPU
		{6A31876C-E155-4FE3-B223-E456CAD3125C}.Debug|Any CPU.Build.0 = Debug|Any CPU
		{6A31876C-E155-4FE3-B223-E456CAD3125C}.Debug|x64.ActiveCfg = Debug|Any CPU
		{6A31876C-E155-4FE3-B223-E456CAD3125C}.Debug|x64.Build.0 = Debug|Any CPU
		{6A31876C-E155-4FE3-B223-E456CAD3125C}.Debug|x86.ActiveCfg = Debug|Any CPU
		{6A31876C-E155-4FE3-B223-E456CAD3125C}.Debug|x86.Build.0 = Debug|Any CPU
		{6A31876C-E155-4FE3-B223-E456CAD3125C}.Release|Any CPU.ActiveCfg = Release|Any CPU
		{6A31876C-E155-4FE3-B223-E456CAD3125C}.Release|Any CPU.Build.0 = Release|Any CPU
		{6A31876C-E155-4FE3-B223-E456CAD3125C}.Release|x64.ActiveCfg = Release|Any CPU
		{6A31876C-E155-4FE3-B223-E456CAD3125C}.Release|x64.Build.0 = Release|Any CPU
		{6A31876C-E155-4FE3-B223-E456CAD3125C}.Release|x86.ActiveCfg = Release|Any CPU
		{6A31876C-E155-4FE3-B223-E456CAD3125C}.Release|x86.Build.0 = Release|Any CPU
		{2BEB3E31-05C4-4ACA-A5DB-42586016C623}.Debug|Any CPU.ActiveCfg = Debug|Any CPU
		{2BEB3E31-05C4-4ACA-A5DB-42586016C623}.Debug|Any CPU.Build.0 = Debug|Any CPU
		{2BEB3E31-05C4-4ACA-A5DB-42586016C623}.Debug|x64.ActiveCfg = Debug|Any CPU
		{2BEB3E31-05C4-4ACA-A5DB-42586016C623}.Debug|x64.Build.0 = Debug|Any CPU
		{2BEB3E31-05C4-4ACA-A5DB-42586016C623}.Debug|x86.ActiveCfg = Debug|Any CPU
		{2BEB3E31-05C4-4ACA-A5DB-42586016C623}.Debug|x86.Build.0 = Debug|Any CPU
		{2BEB3E31-05C4-4ACA-A5DB-42586016C623}.Release|Any CPU.ActiveCfg = Release|Any CPU
		{2BEB3E31-05C4-4ACA-A5DB-42586016C623}.Release|Any CPU.Build.0 = Release|Any CPU
		{2BEB3E31-05C4-4ACA-A5DB-42586016C623}.Release|x64.ActiveCfg = Release|Any CPU
		{2BEB3E31-05C4-4ACA-A5DB-42586016C623}.Release|x64.Build.0 = Release|Any CPU
		{2BEB3E31-05C4-4ACA-A5DB-42586016C623}.Release|x86.ActiveCfg = Release|Any CPU
		{2BEB3E31-05C4-4ACA-A5DB-42586016C623}.Release|x86.Build.0 = Release|Any CPU
		{26AABCC4-4BE8-4777-89ED-C6132383CD03}.Debug|Any CPU.ActiveCfg = Debug|Win32
		{26AABCC4-4BE8-4777-89ED-C6132383CD03}.Debug|x64.ActiveCfg = Debug|x64
		{26AABCC4-4BE8-4777-89ED-C6132383CD03}.Debug|x64.Build.0 = Debug|x64
		{26AABCC4-4BE8-4777-89ED-C6132383CD03}.Debug|x86.ActiveCfg = Debug|Win32
		{26AABCC4-4BE8-4777-89ED-C6132383CD03}.Debug|x86.Build.0 = Debug|Win32
		{26AABCC4-4BE8-4777-89ED-C6132383CD03}.Release|Any CPU.ActiveCfg = Release|Win32
		{26AABCC4-4BE8-4777-89ED-C6132383CD03}.Release|x64.ActiveCfg = Release|x64
		{26AABCC4-4BE8-4777-89ED-C6132383CD03}.Release|x64.Build.0 = Release|x64
		{26AABCC4-4BE8-4777-89ED-C6132383CD03}.Release|x86.ActiveCfg = Release|Win32
		{26AABCC4-4BE8-4777-89ED-C6132383CD03}.Release|x86.Build.0 = Release|Win32
		{06AC937D-EA81-4624-BD86-BC8FB032D4D4}.Debug|Any CPU.ActiveCfg = Debug|Any CPU
		{06AC937D-EA81-4624-BD86-BC8FB032D4D4}.Debug|Any CPU.Build.0 = Debug|Any CPU
		{06AC937D-EA81-4624-BD86-BC8FB032D4D4}.Debug|x64.ActiveCfg = Debug|Any CPU
		{06AC937D-EA81-4624-BD86-BC8FB032D4D4}.Debug|x64.Build.0 = Debug|Any CPU
		{06AC937D-EA81-4624-BD86-BC8FB032D4D4}.Debug|x86.ActiveCfg = Debug|Any CPU
		{06AC937D-EA81-4624-BD86-BC8FB032D4D4}.Debug|x86.Build.0 = Debug|Any CPU
		{06AC937D-EA81-4624-BD86-BC8FB032D4D4}.Release|Any CPU.ActiveCfg = Release|Any CPU
		{06AC937D-EA81-4624-BD86-BC8FB032D4D4}.Release|Any CPU.Build.0 = Release|Any CPU
		{06AC937D-EA81-4624-BD86-BC8FB032D4D4}.Release|x64.ActiveCfg = Release|Any CPU
		{06AC937D-EA81-4624-BD86-BC8FB032D4D4}.Release|x64.Build.0 = Release|Any CPU
		{06AC937D-EA81-4624-BD86-BC8FB032D4D4}.Release|x86.ActiveCfg = Release|Any CPU
		{06AC937D-EA81-4624-BD86-BC8FB032D4D4}.Release|x86.Build.0 = Release|Any CPU
		{B4FE105E-C607-40DC-A86B-AED03E14D18D}.Debug|Any CPU.ActiveCfg = Debug|Win32
		{B4FE105E-C607-40DC-A86B-AED03E14D18D}.Debug|x64.ActiveCfg = Debug|x64
		{B4FE105E-C607-40DC-A86B-AED03E14D18D}.Debug|x64.Build.0 = Debug|x64
		{B4FE105E-C607-40DC-A86B-AED03E14D18D}.Debug|x86.ActiveCfg = Debug|Win32
		{B4FE105E-C607-40DC-A86B-AED03E14D18D}.Debug|x86.Build.0 = Debug|Win32
		{B4FE105E-C607-40DC-A86B-AED03E14D18D}.Release|Any CPU.ActiveCfg = Release|Win32
		{B4FE105E-C607-40DC-A86B-AED03E14D18D}.Release|x64.ActiveCfg = Release|x64
		{B4FE105E-C607-40DC-A86B-AED03E14D18D}.Release|x64.Build.0 = Release|x64
		{B4FE105E-C607-40DC-A86B-AED03E14D18D}.Release|x86.ActiveCfg = Release|Win32
		{B4FE105E-C607-40DC-A86B-AED03E14D18D}.Release|x86.Build.0 = Release|Win32
		{551507AC-E340-4264-9EA4-102A1D32BC58}.Debug|Any CPU.ActiveCfg = Debug|Any CPU
		{551507AC-E340-4264-9EA4-102A1D32BC58}.Debug|Any CPU.Build.0 = Debug|Any CPU
		{551507AC-E340-4264-9EA4-102A1D32BC58}.Debug|x64.ActiveCfg = Debug|Any CPU
		{551507AC-E340-4264-9EA4-102A1D32BC58}.Debug|x64.Build.0 = Debug|Any CPU
		{551507AC-E340-4264-9EA4-102A1D32BC58}.Debug|x86.ActiveCfg = Debug|Any CPU
		{551507AC-E340-4264-9EA4-102A1D32BC58}.Debug|x86.Build.0 = Debug|Any CPU
		{551507AC-E340-4264-9EA4-102A1D32BC58}.Release|Any CPU.ActiveCfg = Release|Any CPU
		{551507AC-E340-4264-9EA4-102A1D32BC58}.Release|Any CPU.Build.0 = Release|Any CPU
		{551507AC-E340-4264-9EA4-102A1D32BC58}.Release|x64.ActiveCfg = Release|Any CPU
		{551507AC-E340-4264-9EA4-102A1D32BC58}.Release|x64.Build.0 = Release|Any CPU
		{551507AC-E340-4264-9EA4-102A1D32BC58}.Release|x86.ActiveCfg = Release|Any CPU
		{551507AC-E340-4264-9EA4-102A1D32BC58}.Release|x86.Build.0 = Release|Any CPU
		{C0A4940E-4E20-4501-8B12-7848D9FEE167}.Debug|Any CPU.ActiveCfg = Debug|Any CPU
		{C0A4940E-4E20-4501-8B12-7848D9FEE167}.Debug|Any CPU.Build.0 = Debug|Any CPU
		{C0A4940E-4E20-4501-8B12-7848D9FEE167}.Debug|x64.ActiveCfg = Debug|Any CPU
		{C0A4940E-4E20-4501-8B12-7848D9FEE167}.Debug|x64.Build.0 = Debug|Any CPU
		{C0A4940E-4E20-4501-8B12-7848D9FEE167}.Debug|x86.ActiveCfg = Debug|Any CPU
		{C0A4940E-4E20-4501-8B12-7848D9FEE167}.Debug|x86.Build.0 = Debug|Any CPU
		{C0A4940E-4E20-4501-8B12-7848D9FEE167}.Release|Any CPU.ActiveCfg = Release|Any CPU
		{C0A4940E-4E20-4501-8B12-7848D9FEE167}.Release|Any CPU.Build.0 = Release|Any CPU
		{C0A4940E-4E20-4501-8B12-7848D9FEE167}.Release|x64.ActiveCfg = Release|Any CPU
		{C0A4940E-4E20-4501-8B12-7848D9FEE167}.Release|x64.Build.0 = Release|Any CPU
		{C0A4940E-4E20-4501-8B12-7848D9FEE167}.Release|x86.ActiveCfg = Release|Any CPU
		{C0A4940E-4E20-4501-8B12-7848D9FEE167}.Release|x86.Build.0 = Release|Any CPU
		{F14A86AF-DC84-4C37-81B6-668D5478C585}.Debug|Any CPU.ActiveCfg = Debug|Any CPU
		{F14A86AF-DC84-4C37-81B6-668D5478C585}.Debug|Any CPU.Build.0 = Debug|Any CPU
		{F14A86AF-DC84-4C37-81B6-668D5478C585}.Debug|x64.ActiveCfg = Debug|Any CPU
		{F14A86AF-DC84-4C37-81B6-668D5478C585}.Debug|x64.Build.0 = Debug|Any CPU
		{F14A86AF-DC84-4C37-81B6-668D5478C585}.Debug|x86.ActiveCfg = Debug|Any CPU
		{F14A86AF-DC84-4C37-81B6-668D5478C585}.Debug|x86.Build.0 = Debug|Any CPU
		{F14A86AF-DC84-4C37-81B6-668D5478C585}.Release|Any CPU.ActiveCfg = Release|Any CPU
		{F14A86AF-DC84-4C37-81B6-668D5478C585}.Release|Any CPU.Build.0 = Release|Any CPU
		{F14A86AF-DC84-4C37-81B6-668D5478C585}.Release|x64.ActiveCfg = Release|Any CPU
		{F14A86AF-DC84-4C37-81B6-668D5478C585}.Release|x64.Build.0 = Release|Any CPU
		{F14A86AF-DC84-4C37-81B6-668D5478C585}.Release|x86.ActiveCfg = Release|Any CPU
		{F14A86AF-DC84-4C37-81B6-668D5478C585}.Release|x86.Build.0 = Release|Any CPU
		{DF35637A-7093-464C-960B-0A5C4F1D604E}.Debug|Any CPU.ActiveCfg = Debug|Any CPU
		{DF35637A-7093-464C-960B-0A5C4F1D604E}.Debug|Any CPU.Build.0 = Debug|Any CPU
		{DF35637A-7093-464C-960B-0A5C4F1D604E}.Debug|x64.ActiveCfg = Debug|Any CPU
		{DF35637A-7093-464C-960B-0A5C4F1D604E}.Debug|x64.Build.0 = Debug|Any CPU
		{DF35637A-7093-464C-960B-0A5C4F1D604E}.Debug|x86.ActiveCfg = Debug|Any CPU
		{DF35637A-7093-464C-960B-0A5C4F1D604E}.Debug|x86.Build.0 = Debug|Any CPU
		{DF35637A-7093-464C-960B-0A5C4F1D604E}.Release|Any CPU.ActiveCfg = Release|Any CPU
		{DF35637A-7093-464C-960B-0A5C4F1D604E}.Release|Any CPU.Build.0 = Release|Any CPU
		{DF35637A-7093-464C-960B-0A5C4F1D604E}.Release|x64.ActiveCfg = Release|Any CPU
		{DF35637A-7093-464C-960B-0A5C4F1D604E}.Release|x64.Build.0 = Release|Any CPU
		{DF35637A-7093-464C-960B-0A5C4F1D604E}.Release|x86.ActiveCfg = Release|Any CPU
		{DF35637A-7093-464C-960B-0A5C4F1D604E}.Release|x86.Build.0 = Release|Any CPU
		{9E410159-C74A-4376-A23B-18ADC635B946}.Debug|Any CPU.ActiveCfg = Debug|Any CPU
		{9E410159-C74A-4376-A23B-18ADC635B946}.Debug|Any CPU.Build.0 = Debug|Any CPU
		{9E410159-C74A-4376-A23B-18ADC635B946}.Debug|x64.ActiveCfg = Debug|Any CPU
		{9E410159-C74A-4376-A23B-18ADC635B946}.Debug|x64.Build.0 = Debug|Any CPU
		{9E410159-C74A-4376-A23B-18ADC635B946}.Debug|x86.ActiveCfg = Debug|Any CPU
		{9E410159-C74A-4376-A23B-18ADC635B946}.Debug|x86.Build.0 = Debug|Any CPU
		{9E410159-C74A-4376-A23B-18ADC635B946}.Release|Any CPU.ActiveCfg = Release|Any CPU
		{9E410159-C74A-4376-A23B-18ADC635B946}.Release|Any CPU.Build.0 = Release|Any CPU
		{9E410159-C74A-4376-A23B-18ADC635B946}.Release|x64.ActiveCfg = Release|Any CPU
		{9E410159-C74A-4376-A23B-18ADC635B946}.Release|x64.Build.0 = Release|Any CPU
		{9E410159-C74A-4376-A23B-18ADC635B946}.Release|x86.ActiveCfg = Release|Any CPU
		{9E410159-C74A-4376-A23B-18ADC635B946}.Release|x86.Build.0 = Release|Any CPU
		{2AA3BF40-8C28-4C1E-BC96-513AD647B33D}.Debug|Any CPU.ActiveCfg = Debug|Any CPU
		{2AA3BF40-8C28-4C1E-BC96-513AD647B33D}.Debug|Any CPU.Build.0 = Debug|Any CPU
		{2AA3BF40-8C28-4C1E-BC96-513AD647B33D}.Debug|x64.ActiveCfg = Debug|Any CPU
		{2AA3BF40-8C28-4C1E-BC96-513AD647B33D}.Debug|x64.Build.0 = Debug|Any CPU
		{2AA3BF40-8C28-4C1E-BC96-513AD647B33D}.Debug|x86.ActiveCfg = Debug|Any CPU
		{2AA3BF40-8C28-4C1E-BC96-513AD647B33D}.Debug|x86.Build.0 = Debug|Any CPU
		{2AA3BF40-8C28-4C1E-BC96-513AD647B33D}.Release|Any CPU.ActiveCfg = Release|Any CPU
		{2AA3BF40-8C28-4C1E-BC96-513AD647B33D}.Release|Any CPU.Build.0 = Release|Any CPU
		{2AA3BF40-8C28-4C1E-BC96-513AD647B33D}.Release|x64.ActiveCfg = Release|Any CPU
		{2AA3BF40-8C28-4C1E-BC96-513AD647B33D}.Release|x64.Build.0 = Release|Any CPU
		{2AA3BF40-8C28-4C1E-BC96-513AD647B33D}.Release|x86.ActiveCfg = Release|Any CPU
		{2AA3BF40-8C28-4C1E-BC96-513AD647B33D}.Release|x86.Build.0 = Release|Any CPU
		{D82432A3-9A51-4FD4-8185-677F2B05986B}.Debug|Any CPU.ActiveCfg = Debug|Any CPU
		{D82432A3-9A51-4FD4-8185-677F2B05986B}.Debug|Any CPU.Build.0 = Debug|Any CPU
		{D82432A3-9A51-4FD4-8185-677F2B05986B}.Debug|x64.ActiveCfg = Debug|Any CPU
		{D82432A3-9A51-4FD4-8185-677F2B05986B}.Debug|x64.Build.0 = Debug|Any CPU
		{D82432A3-9A51-4FD4-8185-677F2B05986B}.Debug|x86.ActiveCfg = Debug|Any CPU
		{D82432A3-9A51-4FD4-8185-677F2B05986B}.Debug|x86.Build.0 = Debug|Any CPU
		{D82432A3-9A51-4FD4-8185-677F2B05986B}.Release|Any CPU.ActiveCfg = Release|Any CPU
		{D82432A3-9A51-4FD4-8185-677F2B05986B}.Release|Any CPU.Build.0 = Release|Any CPU
		{D82432A3-9A51-4FD4-8185-677F2B05986B}.Release|x64.ActiveCfg = Release|Any CPU
		{D82432A3-9A51-4FD4-8185-677F2B05986B}.Release|x64.Build.0 = Release|Any CPU
		{D82432A3-9A51-4FD4-8185-677F2B05986B}.Release|x86.ActiveCfg = Release|Any CPU
		{D82432A3-9A51-4FD4-8185-677F2B05986B}.Release|x86.Build.0 = Release|Any CPU
		{94278474-65F4-4626-9DF3-1596A9F226EA}.Debug|Any CPU.ActiveCfg = Debug|Any CPU
		{94278474-65F4-4626-9DF3-1596A9F226EA}.Debug|Any CPU.Build.0 = Debug|Any CPU
		{94278474-65F4-4626-9DF3-1596A9F226EA}.Debug|x64.ActiveCfg = Debug|Any CPU
		{94278474-65F4-4626-9DF3-1596A9F226EA}.Debug|x64.Build.0 = Debug|Any CPU
		{94278474-65F4-4626-9DF3-1596A9F226EA}.Debug|x86.ActiveCfg = Debug|Any CPU
		{94278474-65F4-4626-9DF3-1596A9F226EA}.Debug|x86.Build.0 = Debug|Any CPU
		{94278474-65F4-4626-9DF3-1596A9F226EA}.Release|Any CPU.ActiveCfg = Release|Any CPU
		{94278474-65F4-4626-9DF3-1596A9F226EA}.Release|Any CPU.Build.0 = Release|Any CPU
		{94278474-65F4-4626-9DF3-1596A9F226EA}.Release|x64.ActiveCfg = Release|Any CPU
		{94278474-65F4-4626-9DF3-1596A9F226EA}.Release|x64.Build.0 = Release|Any CPU
		{94278474-65F4-4626-9DF3-1596A9F226EA}.Release|x86.ActiveCfg = Release|Any CPU
		{94278474-65F4-4626-9DF3-1596A9F226EA}.Release|x86.Build.0 = Release|Any CPU
		{C0356729-0B69-4B8F-BFDE-9B94BE154D82}.Debug|Any CPU.ActiveCfg = Debug|Any CPU
		{C0356729-0B69-4B8F-BFDE-9B94BE154D82}.Debug|Any CPU.Build.0 = Debug|Any CPU
		{C0356729-0B69-4B8F-BFDE-9B94BE154D82}.Debug|x64.ActiveCfg = Debug|Any CPU
		{C0356729-0B69-4B8F-BFDE-9B94BE154D82}.Debug|x64.Build.0 = Debug|Any CPU
		{C0356729-0B69-4B8F-BFDE-9B94BE154D82}.Debug|x86.ActiveCfg = Debug|Any CPU
		{C0356729-0B69-4B8F-BFDE-9B94BE154D82}.Debug|x86.Build.0 = Debug|Any CPU
		{C0356729-0B69-4B8F-BFDE-9B94BE154D82}.Release|Any CPU.ActiveCfg = Release|Any CPU
		{C0356729-0B69-4B8F-BFDE-9B94BE154D82}.Release|Any CPU.Build.0 = Release|Any CPU
		{C0356729-0B69-4B8F-BFDE-9B94BE154D82}.Release|x64.ActiveCfg = Release|Any CPU
		{C0356729-0B69-4B8F-BFDE-9B94BE154D82}.Release|x64.Build.0 = Release|Any CPU
		{C0356729-0B69-4B8F-BFDE-9B94BE154D82}.Release|x86.ActiveCfg = Release|Any CPU
		{C0356729-0B69-4B8F-BFDE-9B94BE154D82}.Release|x86.Build.0 = Release|Any CPU
		{C4E58463-68E2-4FC3-9A2A-2EB2AD2E74B6}.Debug|Any CPU.ActiveCfg = Debug|Any CPU
		{C4E58463-68E2-4FC3-9A2A-2EB2AD2E74B6}.Debug|Any CPU.Build.0 = Debug|Any CPU
		{C4E58463-68E2-4FC3-9A2A-2EB2AD2E74B6}.Debug|x64.ActiveCfg = Debug|Any CPU
		{C4E58463-68E2-4FC3-9A2A-2EB2AD2E74B6}.Debug|x64.Build.0 = Debug|Any CPU
		{C4E58463-68E2-4FC3-9A2A-2EB2AD2E74B6}.Debug|x86.ActiveCfg = Debug|Any CPU
		{C4E58463-68E2-4FC3-9A2A-2EB2AD2E74B6}.Debug|x86.Build.0 = Debug|Any CPU
		{C4E58463-68E2-4FC3-9A2A-2EB2AD2E74B6}.Release|Any CPU.ActiveCfg = Release|Any CPU
		{C4E58463-68E2-4FC3-9A2A-2EB2AD2E74B6}.Release|Any CPU.Build.0 = Release|Any CPU
		{C4E58463-68E2-4FC3-9A2A-2EB2AD2E74B6}.Release|x64.ActiveCfg = Release|Any CPU
		{C4E58463-68E2-4FC3-9A2A-2EB2AD2E74B6}.Release|x64.Build.0 = Release|Any CPU
		{C4E58463-68E2-4FC3-9A2A-2EB2AD2E74B6}.Release|x86.ActiveCfg = Release|Any CPU
		{C4E58463-68E2-4FC3-9A2A-2EB2AD2E74B6}.Release|x86.Build.0 = Release|Any CPU
		{B2A77EFD-2ABC-4F4D-9F59-8032F240D07E}.Debug|Any CPU.ActiveCfg = Debug|Any CPU
		{B2A77EFD-2ABC-4F4D-9F59-8032F240D07E}.Debug|Any CPU.Build.0 = Debug|Any CPU
		{B2A77EFD-2ABC-4F4D-9F59-8032F240D07E}.Debug|x64.ActiveCfg = Debug|Any CPU
		{B2A77EFD-2ABC-4F4D-9F59-8032F240D07E}.Debug|x64.Build.0 = Debug|Any CPU
		{B2A77EFD-2ABC-4F4D-9F59-8032F240D07E}.Debug|x86.ActiveCfg = Debug|Any CPU
		{B2A77EFD-2ABC-4F4D-9F59-8032F240D07E}.Debug|x86.Build.0 = Debug|Any CPU
		{B2A77EFD-2ABC-4F4D-9F59-8032F240D07E}.Release|Any CPU.ActiveCfg = Release|Any CPU
		{B2A77EFD-2ABC-4F4D-9F59-8032F240D07E}.Release|Any CPU.Build.0 = Release|Any CPU
		{B2A77EFD-2ABC-4F4D-9F59-8032F240D07E}.Release|x64.ActiveCfg = Release|Any CPU
		{B2A77EFD-2ABC-4F4D-9F59-8032F240D07E}.Release|x64.Build.0 = Release|Any CPU
		{B2A77EFD-2ABC-4F4D-9F59-8032F240D07E}.Release|x86.ActiveCfg = Release|Any CPU
		{B2A77EFD-2ABC-4F4D-9F59-8032F240D07E}.Release|x86.Build.0 = Release|Any CPU
		{035582D8-6D43-4B9A-B1B6-9FE2A9C20B72}.Debug|Any CPU.ActiveCfg = Debug|Any CPU
		{035582D8-6D43-4B9A-B1B6-9FE2A9C20B72}.Debug|Any CPU.Build.0 = Debug|Any CPU
		{035582D8-6D43-4B9A-B1B6-9FE2A9C20B72}.Debug|x64.ActiveCfg = Debug|Any CPU
		{035582D8-6D43-4B9A-B1B6-9FE2A9C20B72}.Debug|x64.Build.0 = Debug|Any CPU
		{035582D8-6D43-4B9A-B1B6-9FE2A9C20B72}.Debug|x86.ActiveCfg = Debug|Any CPU
		{035582D8-6D43-4B9A-B1B6-9FE2A9C20B72}.Debug|x86.Build.0 = Debug|Any CPU
		{035582D8-6D43-4B9A-B1B6-9FE2A9C20B72}.Release|Any CPU.ActiveCfg = Release|Any CPU
		{035582D8-6D43-4B9A-B1B6-9FE2A9C20B72}.Release|Any CPU.Build.0 = Release|Any CPU
		{035582D8-6D43-4B9A-B1B6-9FE2A9C20B72}.Release|x64.ActiveCfg = Release|Any CPU
		{035582D8-6D43-4B9A-B1B6-9FE2A9C20B72}.Release|x64.Build.0 = Release|Any CPU
		{035582D8-6D43-4B9A-B1B6-9FE2A9C20B72}.Release|x86.ActiveCfg = Release|Any CPU
		{035582D8-6D43-4B9A-B1B6-9FE2A9C20B72}.Release|x86.Build.0 = Release|Any CPU
		{701FD910-B874-459F-A486-8C29D27FABC7}.Debug|Any CPU.ActiveCfg = Debug|Any CPU
		{701FD910-B874-459F-A486-8C29D27FABC7}.Debug|Any CPU.Build.0 = Debug|Any CPU
		{701FD910-B874-459F-A486-8C29D27FABC7}.Debug|x64.ActiveCfg = Debug|Any CPU
		{701FD910-B874-459F-A486-8C29D27FABC7}.Debug|x64.Build.0 = Debug|Any CPU
		{701FD910-B874-459F-A486-8C29D27FABC7}.Debug|x86.ActiveCfg = Debug|Any CPU
		{701FD910-B874-459F-A486-8C29D27FABC7}.Debug|x86.Build.0 = Debug|Any CPU
		{701FD910-B874-459F-A486-8C29D27FABC7}.Release|Any CPU.ActiveCfg = Release|Any CPU
		{701FD910-B874-459F-A486-8C29D27FABC7}.Release|Any CPU.Build.0 = Release|Any CPU
		{701FD910-B874-459F-A486-8C29D27FABC7}.Release|x64.ActiveCfg = Release|Any CPU
		{701FD910-B874-459F-A486-8C29D27FABC7}.Release|x64.Build.0 = Release|Any CPU
		{701FD910-B874-459F-A486-8C29D27FABC7}.Release|x86.ActiveCfg = Release|Any CPU
		{701FD910-B874-459F-A486-8C29D27FABC7}.Release|x86.Build.0 = Release|Any CPU
	EndGlobalSection
	GlobalSection(SolutionProperties) = preSolution
		HideSolutionNode = FALSE
	EndGlobalSection
	GlobalSection(NestedProjects) = preSolution
		{16E5D6DC-F93E-47F0-8F67-D2A1DA18E017} = {9C6E5247-3459-4ECF-9FE3-5E2044295099}
		{51DB7965-8C8C-4E44-BA1E-0A157D2DE6D9} = {E7996DC9-7C33-4F35-9748-4A825DB56784}
		{F7BA3EC1-1583-4A93-97F8-3394954B5953} = {C36BE6FF-2267-4A51-8B6F-763C9C8CC52F}
		{DE56441C-B66E-40C5-86B3-DE881D7D09F7} = {0FEBA25D-6572-4DAA-AE3C-77CB2A42E6D4}
		{B413093F-9C96-4D93-BB03-A1E2F25940EF} = {9C6E5247-3459-4ECF-9FE3-5E2044295099}
		{9DE0B1DE-1AF7-47D0-B869-C2AB52468349} = {9C6E5247-3459-4ECF-9FE3-5E2044295099}
		{EBCE073F-A41C-4FF1-967B-40E2D9344663} = {9C6E5247-3459-4ECF-9FE3-5E2044295099}
		{B3A4C752-54E7-4125-951B-BA7660A09B02} = {0FEBA25D-6572-4DAA-AE3C-77CB2A42E6D4}
		{1A3DF103-07AA-42DE-AED4-40FD4D44635B} = {9C6E5247-3459-4ECF-9FE3-5E2044295099}
		{55CBE41B-081E-43A5-9AC4-6D895D4E415C} = {0FEBA25D-6572-4DAA-AE3C-77CB2A42E6D4}
		{43A0869B-39E6-4CBD-A256-6ED56ED3010F} = {55CBE41B-081E-43A5-9AC4-6D895D4E415C}
		{6DFFC199-BA67-4B49-9EF7-F2FFA66C3B2A} = {C36BE6FF-2267-4A51-8B6F-763C9C8CC52F}
		{22C4E303-30DF-41D2-86BA-906CD6BDE4F1} = {9C6E5247-3459-4ECF-9FE3-5E2044295099}
		{BDAC99B3-E005-4A85-A699-D9E36E7408F3} = {22C4E303-30DF-41D2-86BA-906CD6BDE4F1}
		{7B87BB5B-3BF8-4500-A416-687AF492781F} = {0074EF5C-A141-4A92-A085-89775EA5E8EF}
		{860BFB06-4FCD-494F-B7C3-1D53683FA988} = {67CFB457-D51C-4F50-9F54-41EA955EA795}
		{B815C545-E86A-47E9-81F5-11CE7B2E141D} = {22C4E303-30DF-41D2-86BA-906CD6BDE4F1}
		{92894371-2AA8-43FB-865A-39E1DCE5BF03} = {9C6E5247-3459-4ECF-9FE3-5E2044295099}
		{F6268227-51AA-4C46-83E0-AF2D77FF5868} = {C36BE6FF-2267-4A51-8B6F-763C9C8CC52F}
		{565AECC1-EB61-4484-B199-ED1F7F787388} = {505B289B-B216-44A4-8234-12E31B16C230}
		{0230F843-0B3F-4887-AF5D-A8EAC7A88D17} = {565AECC1-EB61-4484-B199-ED1F7F787388}
		{F90696CB-DB87-4931-AAC1-AF452727E5E5} = {565AECC1-EB61-4484-B199-ED1F7F787388}
		{19CEE9CF-58B2-4AF3-88F9-58EEF81D6571} = {565AECC1-EB61-4484-B199-ED1F7F787388}
		{7E96E342-C1DC-4DF2-B775-2CDD532402FA} = {505B289B-B216-44A4-8234-12E31B16C230}
		{3287B9E9-D2D1-4D76-82ED-D8D9B80E75A2} = {E7996DC9-7C33-4F35-9748-4A825DB56784}
		{34B39498-66BC-45A3-8502-44F15D28D670} = {E7996DC9-7C33-4F35-9748-4A825DB56784}
		{8B7888A3-A402-4D7C-82BB-E1A2494C023D} = {C36BE6FF-2267-4A51-8B6F-763C9C8CC52F}
		{F70F3C62-7504-4526-BC16-3344BA753C09} = {0074EF5C-A141-4A92-A085-89775EA5E8EF}
		{B4AB533F-EC5B-43BA-9686-5D784CC80742} = {505B289B-B216-44A4-8234-12E31B16C230}
		{78079640-832D-4593-B86A-6D2D537C5824} = {B4AB533F-EC5B-43BA-9686-5D784CC80742}
		{D20D50B0-DC99-4A88-95D4-494367737DE7} = {B4AB533F-EC5B-43BA-9686-5D784CC80742}
		{A6DD1856-AFB7-43A3-A816-D153B8866140} = {B4AB533F-EC5B-43BA-9686-5D784CC80742}
		{143B1316-91D4-471B-AED1-FFCD344281CD} = {0074EF5C-A141-4A92-A085-89775EA5E8EF}
		{77C26037-9C50-4E3F-9DCA-8E7145F595BD} = {505B289B-B216-44A4-8234-12E31B16C230}
		{56A6743C-4904-4C7D-B84A-6B5D0FA78E7F} = {505B289B-B216-44A4-8234-12E31B16C230}
		{C7D0549E-D1B9-4FFA-AAFE-3B75B3419DEA} = {56A6743C-4904-4C7D-B84A-6B5D0FA78E7F}
		{41D81D49-8C6A-47F0-8F66-B533473BC004} = {56A6743C-4904-4C7D-B84A-6B5D0FA78E7F}
		{C8A05842-CAF4-49E0-86B9-FEBD69B47627} = {9EA8B0D2-8CD6-4F59-89F7-40CF82D55F01}
		{8F8A07C3-7C4E-49D2-9997-0836F51F44AC} = {56A6743C-4904-4C7D-B84A-6B5D0FA78E7F}
		{DC6BA170-806F-4D6E-9165-401DE852E304} = {0FEBA25D-6572-4DAA-AE3C-77CB2A42E6D4}
		{69082050-9353-4CA3-B29A-05F37CE1D1F0} = {0074EF5C-A141-4A92-A085-89775EA5E8EF}
		{2663C0AF-3839-4483-A1B6-83CD1F7CD4C4} = {C36BE6FF-2267-4A51-8B6F-763C9C8CC52F}
		{932E830B-6E94-470F-BC56-01BA3E0DD066} = {0FEBA25D-6572-4DAA-AE3C-77CB2A42E6D4}
		{E388EF83-7406-4679-80D4-4213B5D858C7} = {0FEBA25D-6572-4DAA-AE3C-77CB2A42E6D4}
		{E689F881-DAB5-403E-97D2-161056929844} = {C36BE6FF-2267-4A51-8B6F-763C9C8CC52F}
		{1DC3C68D-5E5E-4488-8A44-1DE27CC7D9D2} = {0FEBA25D-6572-4DAA-AE3C-77CB2A42E6D4}
		{9EA8B0D2-8CD6-4F59-89F7-40CF82D55F01} = {56A6743C-4904-4C7D-B84A-6B5D0FA78E7F}
		{7CE46A51-503E-4EB0-935C-3ED2E48F94BF} = {505B289B-B216-44A4-8234-12E31B16C230}
		{EC7D87C5-1841-4F2A-BC46-0FE869839907} = {7CE46A51-503E-4EB0-935C-3ED2E48F94BF}
		{30E6C59F-AB70-4D02-8AEE-F6A10181D5CC} = {7CE46A51-503E-4EB0-935C-3ED2E48F94BF}
		{2CB8C938-9636-4E78-9CE2-3AAA8FD46813} = {7CE46A51-503E-4EB0-935C-3ED2E48F94BF}
		{BE9E6BCE-C30F-47EF-AEE9-37F502DE4F5C} = {0FEBA25D-6572-4DAA-AE3C-77CB2A42E6D4}
		{526EC3BC-A776-43AF-9024-3F3443052681} = {505B289B-B216-44A4-8234-12E31B16C230}
		{5AF40800-BD35-4C94-8DA3-612257C18723} = {526EC3BC-A776-43AF-9024-3F3443052681}
		{8DC28D77-B855-4B1D-A34A-4F8B5786968E} = {526EC3BC-A776-43AF-9024-3F3443052681}
		{15989B72-7F73-40F5-95D2-8C6EAAD8D5B2} = {526EC3BC-A776-43AF-9024-3F3443052681}
		{2D48544E-F4DE-498E-B173-D03E51E7BDB3} = {505B289B-B216-44A4-8234-12E31B16C230}
		{5CD9E049-3AA4-43B0-B238-54C00747AF56} = {2D48544E-F4DE-498E-B173-D03E51E7BDB3}
		{D3CC712F-7533-43B8-AB3F-A79603EC1369} = {2D48544E-F4DE-498E-B173-D03E51E7BDB3}
		{B1070EE4-03C8-4760-86BF-E9341CFAC088} = {2D48544E-F4DE-498E-B173-D03E51E7BDB3}
		{F5BB2839-23C5-423C-BDEA-0A001260ED18} = {505B289B-B216-44A4-8234-12E31B16C230}
		{DA379281-4664-4A46-A334-E31EBFC12638} = {F5BB2839-23C5-423C-BDEA-0A001260ED18}
		{6A31876C-E155-4FE3-B223-E456CAD3125C} = {F5BB2839-23C5-423C-BDEA-0A001260ED18}
		{90E1C3CB-19BF-47F6-B524-D0702F130FFE} = {F5BB2839-23C5-423C-BDEA-0A001260ED18}
		{8B97F3A0-0CA3-4A02-8F8E-7C61A189168F} = {F5BB2839-23C5-423C-BDEA-0A001260ED18}
		{2BEB3E31-05C4-4ACA-A5DB-42586016C623} = {8B97F3A0-0CA3-4A02-8F8E-7C61A189168F}
		{18667047-9F0A-4F30-B809-EC10D79A801A} = {F5BB2839-23C5-423C-BDEA-0A001260ED18}
		{26AABCC4-4BE8-4777-89ED-C6132383CD03} = {18667047-9F0A-4F30-B809-EC10D79A801A}
		{06AC937D-EA81-4624-BD86-BC8FB032D4D4} = {8B97F3A0-0CA3-4A02-8F8E-7C61A189168F}
		{B4FE105E-C607-40DC-A86B-AED03E14D18D} = {18667047-9F0A-4F30-B809-EC10D79A801A}
		{0B49D2B1-2C64-443E-B9E2-9FF8FBEBBE73} = {505B289B-B216-44A4-8234-12E31B16C230}
		{551507AC-E340-4264-9EA4-102A1D32BC58} = {0B49D2B1-2C64-443E-B9E2-9FF8FBEBBE73}
		{C0A4940E-4E20-4501-8B12-7848D9FEE167} = {0B49D2B1-2C64-443E-B9E2-9FF8FBEBBE73}
		{A828AC7A-5A93-4977-B167-C8912842D359} = {0B49D2B1-2C64-443E-B9E2-9FF8FBEBBE73}
		{E81CEC75-E2CD-46E5-9C22-26AA0E7DEC6C} = {0B49D2B1-2C64-443E-B9E2-9FF8FBEBBE73}
		{F14A86AF-DC84-4C37-81B6-668D5478C585} = {E81CEC75-E2CD-46E5-9C22-26AA0E7DEC6C}
		{5DC41D2E-3E46-4B77-8B54-0212282C3F47} = {505B289B-B216-44A4-8234-12E31B16C230}
		{DF35637A-7093-464C-960B-0A5C4F1D604E} = {0FEBA25D-6572-4DAA-AE3C-77CB2A42E6D4}
		{9E410159-C74A-4376-A23B-18ADC635B946} = {5DC41D2E-3E46-4B77-8B54-0212282C3F47}
		{2AA3BF40-8C28-4C1E-BC96-513AD647B33D} = {5DC41D2E-3E46-4B77-8B54-0212282C3F47}
		{1470D40C-18DA-4BC5-B5CA-AA046FD53A42} = {5DC41D2E-3E46-4B77-8B54-0212282C3F47}
		{8ED6FD24-0629-41A1-8E1D-3BCAB838013F} = {505B289B-B216-44A4-8234-12E31B16C230}
		{D82432A3-9A51-4FD4-8185-677F2B05986B} = {8ED6FD24-0629-41A1-8E1D-3BCAB838013F}
		{94278474-65F4-4626-9DF3-1596A9F226EA} = {8ED6FD24-0629-41A1-8E1D-3BCAB838013F}
		{B644F9A2-C0A6-4803-AA6A-487B03B64C4B} = {8ED6FD24-0629-41A1-8E1D-3BCAB838013F}
		{BF2DB4FB-100B-459B-BD6E-5919CFFB91E6} = {505B289B-B216-44A4-8234-12E31B16C230}
		{C0356729-0B69-4B8F-BFDE-9B94BE154D82} = {BF2DB4FB-100B-459B-BD6E-5919CFFB91E6}
		{C4E58463-68E2-4FC3-9A2A-2EB2AD2E74B6} = {BF2DB4FB-100B-459B-BD6E-5919CFFB91E6}
		{625E431D-165C-4D68-8D59-E9A4874BBBB7} = {BF2DB4FB-100B-459B-BD6E-5919CFFB91E6}
		{2D34DB40-42E1-480D-AAC1-94B6A633CB3F} = {505B289B-B216-44A4-8234-12E31B16C230}
		{B2A77EFD-2ABC-4F4D-9F59-8032F240D07E} = {2D34DB40-42E1-480D-AAC1-94B6A633CB3F}
		{035582D8-6D43-4B9A-B1B6-9FE2A9C20B72} = {2D34DB40-42E1-480D-AAC1-94B6A633CB3F}
		{5E5EB0C8-F6AC-4B95-8E00-7CA0E27DE731} = {2D34DB40-42E1-480D-AAC1-94B6A633CB3F}
		{EEEB92F4-85EE-4E59-9765-3BEB2A0729EE} = {505B289B-B216-44A4-8234-12E31B16C230}
		{701FD910-B874-459F-A486-8C29D27FABC7} = {EEEB92F4-85EE-4E59-9765-3BEB2A0729EE}
		{FD55C753-4F2E-4309-B96A-D5FFAB28C03D} = {EEEB92F4-85EE-4E59-9765-3BEB2A0729EE}
	EndGlobalSection
	GlobalSection(ExtensibilityGlobals) = postSolution
		SolutionGuid = {F57289F4-0A09-4A58-93AC-2300FC2FC599}
	EndGlobalSection
EndGlobal
