
Microsoft Visual Studio Solution File, Format Version 12.00
# Visual Studio 15
VisualStudioVersion = 15.0.27703.2000
MinimumVisualStudioVersion = 10.0.40219.1
Project("{FAE04EC0-301F-11D3-BF4B-00C04F79EFBC}") = "Orcus.Administration", "src\Orcus.Administration\Orcus.Administration.csproj", "{712E150D-20BC-469C-898C-611DEDC91A0A}"
EndProject
Project("{9A19103F-16F7-4668-BE54-9A1E7A4F7556}") = "Orcus.Server", "src\Orcus.Server\Orcus.Server.csproj", "{16E5D6DC-F93E-47F0-8F67-D2A1DA18E017}"
EndProject
Project("{2150E333-8FDC-42A3-9474-1A3956D46DE8}") = "Server", "Server", "{9C6E5247-3459-4ECF-9FE3-5E2044295099}"
EndProject
Project("{2150E333-8FDC-42A3-9474-1A3956D46DE8}") = "Administration", "Administration", "{E7996DC9-7C33-4F35-9748-4A825DB56784}"
EndProject
Project("{9A19103F-16F7-4668-BE54-9A1E7A4F7556}") = "Orcus.Administration.ViewModels", "src\Orcus.Administration.ViewModels\Orcus.Administration.ViewModels.csproj", "{E5C4A573-37CF-4551-8964-547F1F0309BD}"
EndProject
Project("{9A19103F-16F7-4668-BE54-9A1E7A4F7556}") = "Orcus.Administration.Core", "src\Orcus.Administration.Core\Orcus.Administration.Core.csproj", "{51DB7965-8C8C-4E44-BA1E-0A157D2DE6D9}"
EndProject
Project("{2150E333-8FDC-42A3-9474-1A3956D46DE8}") = "Solution Items", "Solution Items", "{B2AB85A8-1B64-4C1F-8E1A-DE7FC872E7E7}"
	ProjectSection(SolutionItems) = preProject
		Directory.Build.props = Directory.Build.props
		translation.txd = translation.txd
	EndProjectSection
EndProject
Project("{2150E333-8FDC-42A3-9474-1A3956D46DE8}") = "Api", "Api", "{C36BE6FF-2267-4A51-8B6F-763C9C8CC52F}"
EndProject
Project("{9A19103F-16F7-4668-BE54-9A1E7A4F7556}") = "Orcus.Modules.Api", "src\Orcus.Modules.Api\Orcus.Modules.Api.csproj", "{F7BA3EC1-1583-4A93-97F8-3394954B5953}"
EndProject
Project("{2150E333-8FDC-42A3-9474-1A3956D46DE8}") = "Modules", "Modules", "{505B289B-B216-44A4-8234-12E31B16C230}"
EndProject
Project("{9A19103F-16F7-4668-BE54-9A1E7A4F7556}") = "PowerUserTools", "src\modules\PowerUserTools\PowerUserTools.csproj", "{036E782A-E137-42C5-84F0-592D5623A367}"
EndProject
Project("{2150E333-8FDC-42A3-9474-1A3956D46DE8}") = "Submodules", "Submodules", "{0FEBA25D-6572-4DAA-AE3C-77CB2A42E6D4}"
EndProject
Project("{FAE04EC0-301F-11D3-BF4B-00C04F79EFBC}") = "Anapher.Wpf.Swan", "src\submodules\Anapher.Swan.Wpf\Anapher.Wpf.Swan\Anapher.Wpf.Swan.csproj", "{DE56441C-B66E-40C5-86B3-DE881D7D09F7}"
EndProject
Project("{9A19103F-16F7-4668-BE54-9A1E7A4F7556}") = "Orcus.Server.Data", "src\Orcus.Server.Data\Orcus.Server.Data.csproj", "{B413093F-9C96-4D93-BB03-A1E2F25940EF}"
EndProject
Project("{9A19103F-16F7-4668-BE54-9A1E7A4F7556}") = "Orcus.Server.Connection", "src\Orcus.Server.Connection\Orcus.Server.Connection.csproj", "{B0F87C73-910B-41DD-8F00-3A33A85A707C}"
EndProject
Project("{9A19103F-16F7-4668-BE54-9A1E7A4F7556}") = "Orcus.Server.BusinessLogic", "src\Orcus.Server.BusinessLogic\Orcus.Server.BusinessLogic.csproj", "{9DE0B1DE-1AF7-47D0-B869-C2AB52468349}"
EndProject
Project("{9A19103F-16F7-4668-BE54-9A1E7A4F7556}") = "Orcus.Server.BusinessDataAccess", "src\Orcus.Server.BusinessDataAccess\Orcus.Server.BusinessDataAccess.csproj", "{EBCE073F-A41C-4FF1-967B-40E2D9344663}"
EndProject
Project("{9A19103F-16F7-4668-BE54-9A1E7A4F7556}") = "CodeElements.BizRunner", "src\submodules\CodeElements.BizRunner\CodeElements.BizRunner\CodeElements.BizRunner.csproj", "{B3A4C752-54E7-4125-951B-BA7660A09B02}"
EndProject
Project("{2150E333-8FDC-42A3-9474-1A3956D46DE8}") = "Tests", "Tests", "{AE920D99-35EA-49D8-B97B-E744F7A49321}"
EndProject
Project("{9A19103F-16F7-4668-BE54-9A1E7A4F7556}") = "Orcus.Server.Connection.Tests", "src\tests\Orcus.Server.Connection.Tests\Orcus.Server.Connection.Tests.csproj", "{AC91638B-14DE-466C-90F4-B39EFE519162}"
EndProject
Project("{9A19103F-16F7-4668-BE54-9A1E7A4F7556}") = "Orcus.Server.Service", "src\Orcus.Server.Service\Orcus.Server.Service.csproj", "{1A3DF103-07AA-42DE-AED4-40FD4D44635B}"
EndProject
Project("{2150E333-8FDC-42A3-9474-1A3956D46DE8}") = "Tests", "Tests", "{79F56DAA-BA66-4917-9C6B-B1A489844169}"
EndProject
Project("{9A19103F-16F7-4668-BE54-9A1E7A4F7556}") = "Orcus.Server.Service.Tests", "src\tests\Orcus.Server.Service.Tests\Orcus.Server.Service.Tests.csproj", "{90B02200-B187-4045-B90E-637E467F594C}"
EndProject
Project("{FAE04EC0-301F-11D3-BF4B-00C04F79EFBC}") = "Orcus.ModuleManagement", "src\Orcus.ModuleManagement\Orcus.ModuleManagement.csproj", "{42D5467F-20DB-4416-B673-0383304D098E}"
EndProject
Project("{FAE04EC0-301F-11D3-BF4B-00C04F79EFBC}") = "Orcus.Administration.Service", "src\Orcus.Administration.Service\Orcus.Administration.Service.csproj", "{849B8885-2E2E-434F-9282-FB59B8FE6AA7}"
EndProject
Global
	GlobalSection(SolutionConfigurationPlatforms) = preSolution
		Debug|Any CPU = Debug|Any CPU
		Release|Any CPU = Release|Any CPU
	EndGlobalSection
	GlobalSection(ProjectConfigurationPlatforms) = postSolution
		{712E150D-20BC-469C-898C-611DEDC91A0A}.Debug|Any CPU.ActiveCfg = Debug|Any CPU
		{712E150D-20BC-469C-898C-611DEDC91A0A}.Debug|Any CPU.Build.0 = Debug|Any CPU
		{712E150D-20BC-469C-898C-611DEDC91A0A}.Release|Any CPU.ActiveCfg = Release|Any CPU
		{712E150D-20BC-469C-898C-611DEDC91A0A}.Release|Any CPU.Build.0 = Release|Any CPU
		{16E5D6DC-F93E-47F0-8F67-D2A1DA18E017}.Debug|Any CPU.ActiveCfg = Debug|Any CPU
		{16E5D6DC-F93E-47F0-8F67-D2A1DA18E017}.Debug|Any CPU.Build.0 = Debug|Any CPU
		{16E5D6DC-F93E-47F0-8F67-D2A1DA18E017}.Release|Any CPU.ActiveCfg = Release|Any CPU
		{16E5D6DC-F93E-47F0-8F67-D2A1DA18E017}.Release|Any CPU.Build.0 = Release|Any CPU
		{E5C4A573-37CF-4551-8964-547F1F0309BD}.Debug|Any CPU.ActiveCfg = Debug|Any CPU
		{E5C4A573-37CF-4551-8964-547F1F0309BD}.Debug|Any CPU.Build.0 = Debug|Any CPU
		{E5C4A573-37CF-4551-8964-547F1F0309BD}.Release|Any CPU.ActiveCfg = Release|Any CPU
		{E5C4A573-37CF-4551-8964-547F1F0309BD}.Release|Any CPU.Build.0 = Release|Any CPU
		{51DB7965-8C8C-4E44-BA1E-0A157D2DE6D9}.Debug|Any CPU.ActiveCfg = Debug|Any CPU
		{51DB7965-8C8C-4E44-BA1E-0A157D2DE6D9}.Debug|Any CPU.Build.0 = Debug|Any CPU
		{51DB7965-8C8C-4E44-BA1E-0A157D2DE6D9}.Release|Any CPU.ActiveCfg = Release|Any CPU
		{51DB7965-8C8C-4E44-BA1E-0A157D2DE6D9}.Release|Any CPU.Build.0 = Release|Any CPU
		{F7BA3EC1-1583-4A93-97F8-3394954B5953}.Debug|Any CPU.ActiveCfg = Debug|Any CPU
		{F7BA3EC1-1583-4A93-97F8-3394954B5953}.Debug|Any CPU.Build.0 = Debug|Any CPU
		{F7BA3EC1-1583-4A93-97F8-3394954B5953}.Release|Any CPU.ActiveCfg = Release|Any CPU
		{F7BA3EC1-1583-4A93-97F8-3394954B5953}.Release|Any CPU.Build.0 = Release|Any CPU
		{036E782A-E137-42C5-84F0-592D5623A367}.Debug|Any CPU.ActiveCfg = Debug|Any CPU
		{036E782A-E137-42C5-84F0-592D5623A367}.Debug|Any CPU.Build.0 = Debug|Any CPU
		{036E782A-E137-42C5-84F0-592D5623A367}.Release|Any CPU.ActiveCfg = Release|Any CPU
		{036E782A-E137-42C5-84F0-592D5623A367}.Release|Any CPU.Build.0 = Release|Any CPU
		{DE56441C-B66E-40C5-86B3-DE881D7D09F7}.Debug|Any CPU.ActiveCfg = Debug|Any CPU
		{DE56441C-B66E-40C5-86B3-DE881D7D09F7}.Debug|Any CPU.Build.0 = Debug|Any CPU
		{DE56441C-B66E-40C5-86B3-DE881D7D09F7}.Release|Any CPU.ActiveCfg = Release|Any CPU
		{DE56441C-B66E-40C5-86B3-DE881D7D09F7}.Release|Any CPU.Build.0 = Release|Any CPU
		{B413093F-9C96-4D93-BB03-A1E2F25940EF}.Debug|Any CPU.ActiveCfg = Debug|Any CPU
		{B413093F-9C96-4D93-BB03-A1E2F25940EF}.Debug|Any CPU.Build.0 = Debug|Any CPU
		{B413093F-9C96-4D93-BB03-A1E2F25940EF}.Release|Any CPU.ActiveCfg = Release|Any CPU
		{B413093F-9C96-4D93-BB03-A1E2F25940EF}.Release|Any CPU.Build.0 = Release|Any CPU
		{B0F87C73-910B-41DD-8F00-3A33A85A707C}.Debug|Any CPU.ActiveCfg = Debug|Any CPU
		{B0F87C73-910B-41DD-8F00-3A33A85A707C}.Debug|Any CPU.Build.0 = Debug|Any CPU
		{B0F87C73-910B-41DD-8F00-3A33A85A707C}.Release|Any CPU.ActiveCfg = Release|Any CPU
		{B0F87C73-910B-41DD-8F00-3A33A85A707C}.Release|Any CPU.Build.0 = Release|Any CPU
		{9DE0B1DE-1AF7-47D0-B869-C2AB52468349}.Debug|Any CPU.ActiveCfg = Debug|Any CPU
		{9DE0B1DE-1AF7-47D0-B869-C2AB52468349}.Debug|Any CPU.Build.0 = Debug|Any CPU
		{9DE0B1DE-1AF7-47D0-B869-C2AB52468349}.Release|Any CPU.ActiveCfg = Release|Any CPU
		{9DE0B1DE-1AF7-47D0-B869-C2AB52468349}.Release|Any CPU.Build.0 = Release|Any CPU
		{EBCE073F-A41C-4FF1-967B-40E2D9344663}.Debug|Any CPU.ActiveCfg = Debug|Any CPU
		{EBCE073F-A41C-4FF1-967B-40E2D9344663}.Debug|Any CPU.Build.0 = Debug|Any CPU
		{EBCE073F-A41C-4FF1-967B-40E2D9344663}.Release|Any CPU.ActiveCfg = Release|Any CPU
		{EBCE073F-A41C-4FF1-967B-40E2D9344663}.Release|Any CPU.Build.0 = Release|Any CPU
		{B3A4C752-54E7-4125-951B-BA7660A09B02}.Debug|Any CPU.ActiveCfg = Debug|Any CPU
		{B3A4C752-54E7-4125-951B-BA7660A09B02}.Debug|Any CPU.Build.0 = Debug|Any CPU
		{B3A4C752-54E7-4125-951B-BA7660A09B02}.Release|Any CPU.ActiveCfg = Release|Any CPU
		{B3A4C752-54E7-4125-951B-BA7660A09B02}.Release|Any CPU.Build.0 = Release|Any CPU
		{AC91638B-14DE-466C-90F4-B39EFE519162}.Debug|Any CPU.ActiveCfg = Debug|Any CPU
		{AC91638B-14DE-466C-90F4-B39EFE519162}.Debug|Any CPU.Build.0 = Debug|Any CPU
		{AC91638B-14DE-466C-90F4-B39EFE519162}.Release|Any CPU.ActiveCfg = Release|Any CPU
		{AC91638B-14DE-466C-90F4-B39EFE519162}.Release|Any CPU.Build.0 = Release|Any CPU
		{1A3DF103-07AA-42DE-AED4-40FD4D44635B}.Debug|Any CPU.ActiveCfg = Debug|Any CPU
		{1A3DF103-07AA-42DE-AED4-40FD4D44635B}.Debug|Any CPU.Build.0 = Debug|Any CPU
		{1A3DF103-07AA-42DE-AED4-40FD4D44635B}.Release|Any CPU.ActiveCfg = Release|Any CPU
		{1A3DF103-07AA-42DE-AED4-40FD4D44635B}.Release|Any CPU.Build.0 = Release|Any CPU
		{90B02200-B187-4045-B90E-637E467F594C}.Debug|Any CPU.ActiveCfg = Debug|Any CPU
		{90B02200-B187-4045-B90E-637E467F594C}.Debug|Any CPU.Build.0 = Debug|Any CPU
		{90B02200-B187-4045-B90E-637E467F594C}.Release|Any CPU.ActiveCfg = Release|Any CPU
		{90B02200-B187-4045-B90E-637E467F594C}.Release|Any CPU.Build.0 = Release|Any CPU
		{42D5467F-20DB-4416-B673-0383304D098E}.Debug|Any CPU.ActiveCfg = Debug|Any CPU
		{42D5467F-20DB-4416-B673-0383304D098E}.Debug|Any CPU.Build.0 = Debug|Any CPU
		{42D5467F-20DB-4416-B673-0383304D098E}.Release|Any CPU.ActiveCfg = Release|Any CPU
		{42D5467F-20DB-4416-B673-0383304D098E}.Release|Any CPU.Build.0 = Release|Any CPU
		{849B8885-2E2E-434F-9282-FB59B8FE6AA7}.Debug|Any CPU.ActiveCfg = Debug|Any CPU
		{849B8885-2E2E-434F-9282-FB59B8FE6AA7}.Debug|Any CPU.Build.0 = Debug|Any CPU
		{849B8885-2E2E-434F-9282-FB59B8FE6AA7}.Release|Any CPU.ActiveCfg = Release|Any CPU
		{849B8885-2E2E-434F-9282-FB59B8FE6AA7}.Release|Any CPU.Build.0 = Release|Any CPU
	EndGlobalSection
	GlobalSection(SolutionProperties) = preSolution
		HideSolutionNode = FALSE
	EndGlobalSection
	GlobalSection(NestedProjects) = preSolution
		{712E150D-20BC-469C-898C-611DEDC91A0A} = {E7996DC9-7C33-4F35-9748-4A825DB56784}
		{16E5D6DC-F93E-47F0-8F67-D2A1DA18E017} = {9C6E5247-3459-4ECF-9FE3-5E2044295099}
		{E5C4A573-37CF-4551-8964-547F1F0309BD} = {E7996DC9-7C33-4F35-9748-4A825DB56784}
		{51DB7965-8C8C-4E44-BA1E-0A157D2DE6D9} = {E7996DC9-7C33-4F35-9748-4A825DB56784}
		{F7BA3EC1-1583-4A93-97F8-3394954B5953} = {C36BE6FF-2267-4A51-8B6F-763C9C8CC52F}
		{036E782A-E137-42C5-84F0-592D5623A367} = {505B289B-B216-44A4-8234-12E31B16C230}
		{DE56441C-B66E-40C5-86B3-DE881D7D09F7} = {0FEBA25D-6572-4DAA-AE3C-77CB2A42E6D4}
		{B413093F-9C96-4D93-BB03-A1E2F25940EF} = {9C6E5247-3459-4ECF-9FE3-5E2044295099}
		{9DE0B1DE-1AF7-47D0-B869-C2AB52468349} = {9C6E5247-3459-4ECF-9FE3-5E2044295099}
		{EBCE073F-A41C-4FF1-967B-40E2D9344663} = {9C6E5247-3459-4ECF-9FE3-5E2044295099}
		{B3A4C752-54E7-4125-951B-BA7660A09B02} = {0FEBA25D-6572-4DAA-AE3C-77CB2A42E6D4}
		{AC91638B-14DE-466C-90F4-B39EFE519162} = {AE920D99-35EA-49D8-B97B-E744F7A49321}
		{1A3DF103-07AA-42DE-AED4-40FD4D44635B} = {9C6E5247-3459-4ECF-9FE3-5E2044295099}
		{79F56DAA-BA66-4917-9C6B-B1A489844169} = {9C6E5247-3459-4ECF-9FE3-5E2044295099}
		{90B02200-B187-4045-B90E-637E467F594C} = {79F56DAA-BA66-4917-9C6B-B1A489844169}
		{849B8885-2E2E-434F-9282-FB59B8FE6AA7} = {E7996DC9-7C33-4F35-9748-4A825DB56784}
	EndGlobalSection
	GlobalSection(ExtensibilityGlobals) = postSolution
		SolutionGuid = {F57289F4-0A09-4A58-93AC-2300FC2FC599}
	EndGlobalSection
EndGlobal
